// !$*UTF8*$!
{
	archiveVersion = 1;
	classes = {
	};
	objectVersion = 56;
	objects = {

/* Begin PBXBuildFile section */
		C07ACE4A90DC5488A4CF5632 /* Pods_Lupa_LupaUITests.framework in Frameworks */ = {isa = PBXBuildFile; fileRef = EAD1F2C9659C81585845ED25 /* Pods_Lupa_LupaUITests.framework */; };
		C103E614C0178B270D4941FC /* Pods_LupaTests.framework in Frameworks */ = {isa = PBXBuildFile; fileRef = BCD79BB56A3D7132FBEF73EB /* Pods_LupaTests.framework */; };
		C42C5A783EBAA31F43968A28 /* Pods_Lupa.framework in Frameworks */ = {isa = PBXBuildFile; fileRef = 46CFC1FDD31F36E1D1161C97 /* Pods_Lupa.framework */; };
		E84449B22A4F029200E4799A /* CardView.swift in Sources */ = {isa = PBXBuildFile; fileRef = E84449B12A4F029200E4799A /* CardView.swift */; };
		E84449B82A4F053500E4799A /* DishPotraitCollectionViewCell.swift in Sources */ = {isa = PBXBuildFile; fileRef = E84449B62A4F053500E4799A /* DishPotraitCollectionViewCell.swift */; };
		E84449B92A4F053500E4799A /* DishPotraitCollectionViewCell.xib in Resources */ = {isa = PBXBuildFile; fileRef = E84449B72A4F053500E4799A /* DishPotraitCollectionViewCell.xib */; };
		E8A53BCD2A502EF7005AAB9A /* dish.swift in Sources */ = {isa = PBXBuildFile; fileRef = E8A53BCC2A502EF7005AAB9A /* dish.swift */; };
		E8C9F31A2A48E4F700A8F2B4 /* AppDelegate.swift in Sources */ = {isa = PBXBuildFile; fileRef = E8C9F3192A48E4F700A8F2B4 /* AppDelegate.swift */; };
		E8C9F31C2A48E4F700A8F2B4 /* SceneDelegate.swift in Sources */ = {isa = PBXBuildFile; fileRef = E8C9F31B2A48E4F700A8F2B4 /* SceneDelegate.swift */; };
		E8C9F3212A48E4F700A8F2B4 /* Main.storyboard in Resources */ = {isa = PBXBuildFile; fileRef = E8C9F31F2A48E4F700A8F2B4 /* Main.storyboard */; };
		E8C9F3232A48E4F900A8F2B4 /* Assets.xcassets in Resources */ = {isa = PBXBuildFile; fileRef = E8C9F3222A48E4F900A8F2B4 /* Assets.xcassets */; };
		E8C9F3262A48E4F900A8F2B4 /* LaunchScreen.storyboard in Resources */ = {isa = PBXBuildFile; fileRef = E8C9F3242A48E4F900A8F2B4 /* LaunchScreen.storyboard */; };
		E8C9F3312A48E4F900A8F2B4 /* LupaTests.swift in Sources */ = {isa = PBXBuildFile; fileRef = E8C9F3302A48E4F900A8F2B4 /* LupaTests.swift */; };
		E8C9F33B2A48E4F900A8F2B4 /* LupaUITests.swift in Sources */ = {isa = PBXBuildFile; fileRef = E8C9F33A2A48E4F900A8F2B4 /* LupaUITests.swift */; };
		E8C9F33D2A48E4F900A8F2B4 /* LupaUITestsLaunchTests.swift in Sources */ = {isa = PBXBuildFile; fileRef = E8C9F33C2A48E4F900A8F2B4 /* LupaUITestsLaunchTests.swift */; };
		E8C9F34E2A48E88200A8F2B4 /* OnboardingViewController.swift in Sources */ = {isa = PBXBuildFile; fileRef = E8C9F34D2A48E88200A8F2B4 /* OnboardingViewController.swift */; };
		E8C9F3512A48EB5C00A8F2B4 /* UIView + Extension.swift in Sources */ = {isa = PBXBuildFile; fileRef = E8C9F3502A48EB5C00A8F2B4 /* UIView + Extension.swift */; };
		E8C9F3532A48EC5200A8F2B4 /* OnBoardingSlide.swift in Sources */ = {isa = PBXBuildFile; fileRef = E8C9F3522A48EC5200A8F2B4 /* OnBoardingSlide.swift */; };
		E8C9F3552A48F2FB00A8F2B4 /* OnboardingCollectionViewCell.swift in Sources */ = {isa = PBXBuildFile; fileRef = E8C9F3542A48F2FB00A8F2B4 /* OnboardingCollectionViewCell.swift */; };
		E8DC9D692A49CB2F005FDCE3 /* HomeViewController.swift in Sources */ = {isa = PBXBuildFile; fileRef = E8DC9D682A49CB2F005FDCE3 /* HomeViewController.swift */; };
		E8DC9D722A4A2362005FDCE3 /* CategoryCollectionViewCell.swift in Sources */ = {isa = PBXBuildFile; fileRef = E8DC9D702A4A2362005FDCE3 /* CategoryCollectionViewCell.swift */; };
		E8DC9D732A4A2362005FDCE3 /* CategoryCollectionViewCell.xib in Resources */ = {isa = PBXBuildFile; fileRef = E8DC9D712A4A2362005FDCE3 /* CategoryCollectionViewCell.xib */; };
		E8DC9D762A4A263B005FDCE3 /* DishCategory.swift in Sources */ = {isa = PBXBuildFile; fileRef = E8DC9D752A4A263B005FDCE3 /* DishCategory.swift */; };
		E8DC9D782A4A28A1005FDCE3 /* String+Extension.swift in Sources */ = {isa = PBXBuildFile; fileRef = E8DC9D772A4A28A1005FDCE3 /* String+Extension.swift */; };
/* End PBXBuildFile section */

/* Begin PBXContainerItemProxy section */
		E8C9F32D2A48E4F900A8F2B4 /* PBXContainerItemProxy */ = {
			isa = PBXContainerItemProxy;
			containerPortal = E8C9F30E2A48E4F700A8F2B4 /* Project object */;
			proxyType = 1;
			remoteGlobalIDString = E8C9F3152A48E4F700A8F2B4;
			remoteInfo = Lupa;
		};
		E8C9F3372A48E4F900A8F2B4 /* PBXContainerItemProxy */ = {
			isa = PBXContainerItemProxy;
			containerPortal = E8C9F30E2A48E4F700A8F2B4 /* Project object */;
			proxyType = 1;
			remoteGlobalIDString = E8C9F3152A48E4F700A8F2B4;
			remoteInfo = Lupa;
		};
/* End PBXContainerItemProxy section */

/* Begin PBXFileReference section */
		0386E8E3D95D5A50D3B52CDB /* Pods-Lupa.release.xcconfig */ = {isa = PBXFileReference; includeInIndex = 1; lastKnownFileType = text.xcconfig; name = "Pods-Lupa.release.xcconfig"; path = "Target Support Files/Pods-Lupa/Pods-Lupa.release.xcconfig"; sourceTree = "<group>"; };
		46CFC1FDD31F36E1D1161C97 /* Pods_Lupa.framework */ = {isa = PBXFileReference; explicitFileType = wrapper.framework; includeInIndex = 0; path = Pods_Lupa.framework; sourceTree = BUILT_PRODUCTS_DIR; };
		492842F3C9F7B293EE023709 /* Pods-LupaTests.debug.xcconfig */ = {isa = PBXFileReference; includeInIndex = 1; lastKnownFileType = text.xcconfig; name = "Pods-LupaTests.debug.xcconfig"; path = "Target Support Files/Pods-LupaTests/Pods-LupaTests.debug.xcconfig"; sourceTree = "<group>"; };
		5207EB9512705EB41AF79FCD /* Pods-LupaTests.release.xcconfig */ = {isa = PBXFileReference; includeInIndex = 1; lastKnownFileType = text.xcconfig; name = "Pods-LupaTests.release.xcconfig"; path = "Target Support Files/Pods-LupaTests/Pods-LupaTests.release.xcconfig"; sourceTree = "<group>"; };
		BCD79BB56A3D7132FBEF73EB /* Pods_LupaTests.framework */ = {isa = PBXFileReference; explicitFileType = wrapper.framework; includeInIndex = 0; path = Pods_LupaTests.framework; sourceTree = BUILT_PRODUCTS_DIR; };
		D8EDF860FF338C67E3B29CD4 /* Pods-Lupa-LupaUITests.release.xcconfig */ = {isa = PBXFileReference; includeInIndex = 1; lastKnownFileType = text.xcconfig; name = "Pods-Lupa-LupaUITests.release.xcconfig"; path = "Target Support Files/Pods-Lupa-LupaUITests/Pods-Lupa-LupaUITests.release.xcconfig"; sourceTree = "<group>"; };
		E84449B12A4F029200E4799A /* CardView.swift */ = {isa = PBXFileReference; lastKnownFileType = sourcecode.swift; path = CardView.swift; sourceTree = "<group>"; };
		E84449B62A4F053500E4799A /* DishPotraitCollectionViewCell.swift */ = {isa = PBXFileReference; lastKnownFileType = sourcecode.swift; path = DishPotraitCollectionViewCell.swift; sourceTree = "<group>"; };
		E84449B72A4F053500E4799A /* DishPotraitCollectionViewCell.xib */ = {isa = PBXFileReference; lastKnownFileType = file.xib; path = DishPotraitCollectionViewCell.xib; sourceTree = "<group>"; };
		E8A53BCC2A502EF7005AAB9A /* dish.swift */ = {isa = PBXFileReference; lastKnownFileType = sourcecode.swift; path = dish.swift; sourceTree = "<group>"; };
		E8C9F3162A48E4F700A8F2B4 /* Lupa.app */ = {isa = PBXFileReference; explicitFileType = wrapper.application; includeInIndex = 0; path = Lupa.app; sourceTree = BUILT_PRODUCTS_DIR; };
		E8C9F3192A48E4F700A8F2B4 /* AppDelegate.swift */ = {isa = PBXFileReference; lastKnownFileType = sourcecode.swift; path = AppDelegate.swift; sourceTree = "<group>"; };
		E8C9F31B2A48E4F700A8F2B4 /* SceneDelegate.swift */ = {isa = PBXFileReference; lastKnownFileType = sourcecode.swift; path = SceneDelegate.swift; sourceTree = "<group>"; };
		E8C9F3202A48E4F700A8F2B4 /* Base */ = {isa = PBXFileReference; lastKnownFileType = file.storyboard; name = Base; path = Base.lproj/Main.storyboard; sourceTree = "<group>"; };
		E8C9F3222A48E4F900A8F2B4 /* Assets.xcassets */ = {isa = PBXFileReference; lastKnownFileType = folder.assetcatalog; path = Assets.xcassets; sourceTree = "<group>"; };
		E8C9F3252A48E4F900A8F2B4 /* Base */ = {isa = PBXFileReference; lastKnownFileType = file.storyboard; name = Base; path = Base.lproj/LaunchScreen.storyboard; sourceTree = "<group>"; };
		E8C9F3272A48E4F900A8F2B4 /* Info.plist */ = {isa = PBXFileReference; lastKnownFileType = text.plist.xml; path = Info.plist; sourceTree = "<group>"; };
		E8C9F32C2A48E4F900A8F2B4 /* LupaTests.xctest */ = {isa = PBXFileReference; explicitFileType = wrapper.cfbundle; includeInIndex = 0; path = LupaTests.xctest; sourceTree = BUILT_PRODUCTS_DIR; };
		E8C9F3302A48E4F900A8F2B4 /* LupaTests.swift */ = {isa = PBXFileReference; lastKnownFileType = sourcecode.swift; path = LupaTests.swift; sourceTree = "<group>"; };
		E8C9F3362A48E4F900A8F2B4 /* LupaUITests.xctest */ = {isa = PBXFileReference; explicitFileType = wrapper.cfbundle; includeInIndex = 0; path = LupaUITests.xctest; sourceTree = BUILT_PRODUCTS_DIR; };
		E8C9F33A2A48E4F900A8F2B4 /* LupaUITests.swift */ = {isa = PBXFileReference; lastKnownFileType = sourcecode.swift; path = LupaUITests.swift; sourceTree = "<group>"; };
		E8C9F33C2A48E4F900A8F2B4 /* LupaUITestsLaunchTests.swift */ = {isa = PBXFileReference; lastKnownFileType = sourcecode.swift; path = LupaUITestsLaunchTests.swift; sourceTree = "<group>"; };
		E8C9F34D2A48E88200A8F2B4 /* OnboardingViewController.swift */ = {isa = PBXFileReference; lastKnownFileType = sourcecode.swift; path = OnboardingViewController.swift; sourceTree = "<group>"; };
		E8C9F3502A48EB5C00A8F2B4 /* UIView + Extension.swift */ = {isa = PBXFileReference; lastKnownFileType = sourcecode.swift; path = "UIView + Extension.swift"; sourceTree = "<group>"; };
		E8C9F3522A48EC5200A8F2B4 /* OnBoardingSlide.swift */ = {isa = PBXFileReference; lastKnownFileType = sourcecode.swift; path = OnBoardingSlide.swift; sourceTree = "<group>"; };
		E8C9F3542A48F2FB00A8F2B4 /* OnboardingCollectionViewCell.swift */ = {isa = PBXFileReference; lastKnownFileType = sourcecode.swift; path = OnboardingCollectionViewCell.swift; sourceTree = "<group>"; };
		E8DC9D682A49CB2F005FDCE3 /* HomeViewController.swift */ = {isa = PBXFileReference; lastKnownFileType = sourcecode.swift; path = HomeViewController.swift; sourceTree = "<group>"; };
		E8DC9D702A4A2362005FDCE3 /* CategoryCollectionViewCell.swift */ = {isa = PBXFileReference; lastKnownFileType = sourcecode.swift; path = CategoryCollectionViewCell.swift; sourceTree = "<group>"; };
		E8DC9D712A4A2362005FDCE3 /* CategoryCollectionViewCell.xib */ = {isa = PBXFileReference; lastKnownFileType = file.xib; path = CategoryCollectionViewCell.xib; sourceTree = "<group>"; };
		E8DC9D752A4A263B005FDCE3 /* DishCategory.swift */ = {isa = PBXFileReference; lastKnownFileType = sourcecode.swift; path = DishCategory.swift; sourceTree = "<group>"; };
		E8DC9D772A4A28A1005FDCE3 /* String+Extension.swift */ = {isa = PBXFileReference; lastKnownFileType = sourcecode.swift; path = "String+Extension.swift"; sourceTree = "<group>"; };
		EAD1F2C9659C81585845ED25 /* Pods_Lupa_LupaUITests.framework */ = {isa = PBXFileReference; explicitFileType = wrapper.framework; includeInIndex = 0; path = Pods_Lupa_LupaUITests.framework; sourceTree = BUILT_PRODUCTS_DIR; };
		EFBC1B3BA40D9B998F04717D /* Pods-Lupa-LupaUITests.debug.xcconfig */ = {isa = PBXFileReference; includeInIndex = 1; lastKnownFileType = text.xcconfig; name = "Pods-Lupa-LupaUITests.debug.xcconfig"; path = "Target Support Files/Pods-Lupa-LupaUITests/Pods-Lupa-LupaUITests.debug.xcconfig"; sourceTree = "<group>"; };
		FD80BCEEB9B302134D615CFA /* Pods-Lupa.debug.xcconfig */ = {isa = PBXFileReference; includeInIndex = 1; lastKnownFileType = text.xcconfig; name = "Pods-Lupa.debug.xcconfig"; path = "Target Support Files/Pods-Lupa/Pods-Lupa.debug.xcconfig"; sourceTree = "<group>"; };
/* End PBXFileReference section */

/* Begin PBXFrameworksBuildPhase section */
		E8C9F3132A48E4F700A8F2B4 /* Frameworks */ = {
			isa = PBXFrameworksBuildPhase;
			buildActionMask = 2147483647;
			files = (
				C42C5A783EBAA31F43968A28 /* Pods_Lupa.framework in Frameworks */,
			);
			runOnlyForDeploymentPostprocessing = 0;
		};
		E8C9F3292A48E4F900A8F2B4 /* Frameworks */ = {
			isa = PBXFrameworksBuildPhase;
			buildActionMask = 2147483647;
			files = (
				C103E614C0178B270D4941FC /* Pods_LupaTests.framework in Frameworks */,
			);
			runOnlyForDeploymentPostprocessing = 0;
		};
		E8C9F3332A48E4F900A8F2B4 /* Frameworks */ = {
			isa = PBXFrameworksBuildPhase;
			buildActionMask = 2147483647;
			files = (
				C07ACE4A90DC5488A4CF5632 /* Pods_Lupa_LupaUITests.framework in Frameworks */,
			);
			runOnlyForDeploymentPostprocessing = 0;
		};
/* End PBXFrameworksBuildPhase section */

/* Begin PBXGroup section */
		30DB1909FDAE5F5FF6FAFBC9 /* Frameworks */ = {
			isa = PBXGroup;
			children = (
				46CFC1FDD31F36E1D1161C97 /* Pods_Lupa.framework */,
				EAD1F2C9659C81585845ED25 /* Pods_Lupa_LupaUITests.framework */,
				BCD79BB56A3D7132FBEF73EB /* Pods_LupaTests.framework */,
			);
			name = Frameworks;
			sourceTree = "<group>";
		};
		69573179E29A0EDCFCDC447C /* Pods */ = {
			isa = PBXGroup;
			children = (
				FD80BCEEB9B302134D615CFA /* Pods-Lupa.debug.xcconfig */,
				0386E8E3D95D5A50D3B52CDB /* Pods-Lupa.release.xcconfig */,
				EFBC1B3BA40D9B998F04717D /* Pods-Lupa-LupaUITests.debug.xcconfig */,
				D8EDF860FF338C67E3B29CD4 /* Pods-Lupa-LupaUITests.release.xcconfig */,
				492842F3C9F7B293EE023709 /* Pods-LupaTests.debug.xcconfig */,
				5207EB9512705EB41AF79FCD /* Pods-LupaTests.release.xcconfig */,
			);
			path = Pods;
			sourceTree = "<group>";
		};
		E84449B32A4F04E800E4799A /* DishPotraitCollectionViewCell */ = {
			isa = PBXGroup;
			children = (
				E84449B62A4F053500E4799A /* DishPotraitCollectionViewCell.swift */,
				E84449B72A4F053500E4799A /* DishPotraitCollectionViewCell.xib */,
			);
			path = DishPotraitCollectionViewCell;
			sourceTree = "<group>";
		};
		E8552DD92A4ADCCF003669B8 /* CardView */ = {
			isa = PBXGroup;
			children = (
				E84449B12A4F029200E4799A /* CardView.swift */,
			);
			path = CardView;
			sourceTree = "<group>";
		};
		E8C9F30D2A48E4F700A8F2B4 = {
			isa = PBXGroup;
			children = (
				E8C9F3182A48E4F700A8F2B4 /* Lupa */,
				E8C9F32F2A48E4F900A8F2B4 /* LupaTests */,
				E8C9F3392A48E4F900A8F2B4 /* LupaUITests */,
				E8C9F3172A48E4F700A8F2B4 /* Products */,
				69573179E29A0EDCFCDC447C /* Pods */,
				30DB1909FDAE5F5FF6FAFBC9 /* Frameworks */,
			);
			sourceTree = "<group>";
		};
		E8C9F3172A48E4F700A8F2B4 /* Products */ = {
			isa = PBXGroup;
			children = (
				E8C9F3162A48E4F700A8F2B4 /* Lupa.app */,
				E8C9F32C2A48E4F900A8F2B4 /* LupaTests.xctest */,
				E8C9F3362A48E4F900A8F2B4 /* LupaUITests.xctest */,
			);
			name = Products;
			sourceTree = "<group>";
		};
		E8C9F3182A48E4F700A8F2B4 /* Lupa */ = {
			isa = PBXGroup;
			children = (
				E8C9F34F2A48EB4400A8F2B4 /* Extensions */,
				E8C9F34B2A48E85D00A8F2B4 /* CustomViews */,
				E8C9F34A2A48E82800A8F2B4 /* Controllers */,
				E8C9F3492A48E82200A8F2B4 /* Models */,
				E8C9F3192A48E4F700A8F2B4 /* AppDelegate.swift */,
				E8C9F31B2A48E4F700A8F2B4 /* SceneDelegate.swift */,
				E8C9F31F2A48E4F700A8F2B4 /* Main.storyboard */,
				E8C9F3222A48E4F900A8F2B4 /* Assets.xcassets */,
				E8C9F3242A48E4F900A8F2B4 /* LaunchScreen.storyboard */,
				E8C9F3272A48E4F900A8F2B4 /* Info.plist */,
			);
			path = Lupa;
			sourceTree = "<group>";
		};
		E8C9F32F2A48E4F900A8F2B4 /* LupaTests */ = {
			isa = PBXGroup;
			children = (
				E8C9F3302A48E4F900A8F2B4 /* LupaTests.swift */,
			);
			path = LupaTests;
			sourceTree = "<group>";
		};
		E8C9F3392A48E4F900A8F2B4 /* LupaUITests */ = {
			isa = PBXGroup;
			children = (
				E8C9F33A2A48E4F900A8F2B4 /* LupaUITests.swift */,
				E8C9F33C2A48E4F900A8F2B4 /* LupaUITestsLaunchTests.swift */,
			);
			path = LupaUITests;
			sourceTree = "<group>";
		};
		E8C9F3492A48E82200A8F2B4 /* Models */ = {
			isa = PBXGroup;
			children = (
				E8C9F3522A48EC5200A8F2B4 /* OnBoardingSlide.swift */,
				E8DC9D752A4A263B005FDCE3 /* DishCategory.swift */,
				E8A53BCC2A502EF7005AAB9A /* dish.swift */,
			);
			path = Models;
			sourceTree = "<group>";
		};
		E8C9F34A2A48E82800A8F2B4 /* Controllers */ = {
			isa = PBXGroup;
			children = (
				E8DC9D672A49CB16005FDCE3 /* Home */,
				E8DC9D662A49CB08005FDCE3 /* Onboarding */,
			);
			path = Controllers;
			sourceTree = "<group>";
		};
		E8C9F34B2A48E85D00A8F2B4 /* CustomViews */ = {
			isa = PBXGroup;
			children = (
				E8552DD92A4ADCCF003669B8 /* CardView */,
				E8DC9D6A2A4A226C005FDCE3 /* CollectionViewCells */,
			);
			path = CustomViews;
			sourceTree = "<group>";
		};
		E8C9F34F2A48EB4400A8F2B4 /* Extensions */ = {
			isa = PBXGroup;
			children = (
				E8C9F3502A48EB5C00A8F2B4 /* UIView + Extension.swift */,
				E8DC9D772A4A28A1005FDCE3 /* String+Extension.swift */,
			);
			path = Extensions;
			sourceTree = "<group>";
		};
		E8DC9D662A49CB08005FDCE3 /* Onboarding */ = {
			isa = PBXGroup;
			children = (
				E8C9F34D2A48E88200A8F2B4 /* OnboardingViewController.swift */,
				E8C9F3542A48F2FB00A8F2B4 /* OnboardingCollectionViewCell.swift */,
			);
			path = Onboarding;
			sourceTree = "<group>";
		};
		E8DC9D672A49CB16005FDCE3 /* Home */ = {
			isa = PBXGroup;
			children = (
				E8DC9D682A49CB2F005FDCE3 /* HomeViewController.swift */,
			);
			path = Home;
			sourceTree = "<group>";
		};
		E8DC9D6A2A4A226C005FDCE3 /* CollectionViewCells */ = {
			isa = PBXGroup;
			children = (
				E84449B32A4F04E800E4799A /* DishPotraitCollectionViewCell */,
				E8DC9D6B2A4A228D005FDCE3 /* CategoryCollectionViewCell */,
			);
			path = CollectionViewCells;
			sourceTree = "<group>";
		};
		E8DC9D6B2A4A228D005FDCE3 /* CategoryCollectionViewCell */ = {
			isa = PBXGroup;
			children = (
				E8DC9D702A4A2362005FDCE3 /* CategoryCollectionViewCell.swift */,
				E8DC9D712A4A2362005FDCE3 /* CategoryCollectionViewCell.xib */,
			);
			path = CategoryCollectionViewCell;
			sourceTree = "<group>";
		};
/* End PBXGroup section */

/* Begin PBXNativeTarget section */
		E8C9F3152A48E4F700A8F2B4 /* Lupa */ = {
			isa = PBXNativeTarget;
			buildConfigurationList = E8C9F3402A48E4F900A8F2B4 /* Build configuration list for PBXNativeTarget "Lupa" */;
			buildPhases = (
				19818C4295BA100799730BDA /* [CP] Check Pods Manifest.lock */,
				E8C9F3122A48E4F700A8F2B4 /* Sources */,
				E8C9F3132A48E4F700A8F2B4 /* Frameworks */,
				E8C9F3142A48E4F700A8F2B4 /* Resources */,
				F0BB292794175CFB44FF4C44 /* [CP] Embed Pods Frameworks */,
			);
			buildRules = (
			);
			dependencies = (
			);
			name = Lupa;
			productName = Lupa;
			productReference = E8C9F3162A48E4F700A8F2B4 /* Lupa.app */;
			productType = "com.apple.product-type.application";
		};
		E8C9F32B2A48E4F900A8F2B4 /* LupaTests */ = {
			isa = PBXNativeTarget;
			buildConfigurationList = E8C9F3432A48E4F900A8F2B4 /* Build configuration list for PBXNativeTarget "LupaTests" */;
			buildPhases = (
				938E6C33BAE0A344FC742D12 /* [CP] Check Pods Manifest.lock */,
				E8C9F3282A48E4F900A8F2B4 /* Sources */,
				E8C9F3292A48E4F900A8F2B4 /* Frameworks */,
				E8C9F32A2A48E4F900A8F2B4 /* Resources */,
			);
			buildRules = (
			);
			dependencies = (
				E8C9F32E2A48E4F900A8F2B4 /* PBXTargetDependency */,
			);
			name = LupaTests;
			productName = LupaTests;
			productReference = E8C9F32C2A48E4F900A8F2B4 /* LupaTests.xctest */;
			productType = "com.apple.product-type.bundle.unit-test";
		};
		E8C9F3352A48E4F900A8F2B4 /* LupaUITests */ = {
			isa = PBXNativeTarget;
			buildConfigurationList = E8C9F3462A48E4F900A8F2B4 /* Build configuration list for PBXNativeTarget "LupaUITests" */;
			buildPhases = (
				5F173031838EB33EF686FFD8 /* [CP] Check Pods Manifest.lock */,
				E8C9F3322A48E4F900A8F2B4 /* Sources */,
				E8C9F3332A48E4F900A8F2B4 /* Frameworks */,
				E8C9F3342A48E4F900A8F2B4 /* Resources */,
				EA91CCF079AD786A3446A1E9 /* [CP] Embed Pods Frameworks */,
			);
			buildRules = (
			);
			dependencies = (
				E8C9F3382A48E4F900A8F2B4 /* PBXTargetDependency */,
			);
			name = LupaUITests;
			productName = LupaUITests;
			productReference = E8C9F3362A48E4F900A8F2B4 /* LupaUITests.xctest */;
			productType = "com.apple.product-type.bundle.ui-testing";
		};
/* End PBXNativeTarget section */

/* Begin PBXProject section */
		E8C9F30E2A48E4F700A8F2B4 /* Project object */ = {
			isa = PBXProject;
			attributes = {
				BuildIndependentTargetsInParallel = 1;
				LastSwiftUpdateCheck = 1430;
				LastUpgradeCheck = 1430;
				TargetAttributes = {
					E8C9F3152A48E4F700A8F2B4 = {
						CreatedOnToolsVersion = 14.3.1;
					};
					E8C9F32B2A48E4F900A8F2B4 = {
						CreatedOnToolsVersion = 14.3.1;
						TestTargetID = E8C9F3152A48E4F700A8F2B4;
					};
					E8C9F3352A48E4F900A8F2B4 = {
						CreatedOnToolsVersion = 14.3.1;
						TestTargetID = E8C9F3152A48E4F700A8F2B4;
					};
				};
			};
			buildConfigurationList = E8C9F3112A48E4F700A8F2B4 /* Build configuration list for PBXProject "Lupa" */;
			compatibilityVersion = "Xcode 14.0";
			developmentRegion = en;
			hasScannedForEncodings = 0;
			knownRegions = (
				en,
				Base,
			);
			mainGroup = E8C9F30D2A48E4F700A8F2B4;
			productRefGroup = E8C9F3172A48E4F700A8F2B4 /* Products */;
			projectDirPath = "";
			projectRoot = "";
			targets = (
				E8C9F3152A48E4F700A8F2B4 /* Lupa */,
				E8C9F32B2A48E4F900A8F2B4 /* LupaTests */,
				E8C9F3352A48E4F900A8F2B4 /* LupaUITests */,
			);
		};
/* End PBXProject section */

/* Begin PBXResourcesBuildPhase section */
		E8C9F3142A48E4F700A8F2B4 /* Resources */ = {
			isa = PBXResourcesBuildPhase;
			buildActionMask = 2147483647;
			files = (
				E8DC9D732A4A2362005FDCE3 /* CategoryCollectionViewCell.xib in Resources */,
				E84449B92A4F053500E4799A /* DishPotraitCollectionViewCell.xib in Resources */,
				E8C9F3262A48E4F900A8F2B4 /* LaunchScreen.storyboard in Resources */,
				E8C9F3232A48E4F900A8F2B4 /* Assets.xcassets in Resources */,
				E8C9F3212A48E4F700A8F2B4 /* Main.storyboard in Resources */,
			);
			runOnlyForDeploymentPostprocessing = 0;
		};
		E8C9F32A2A48E4F900A8F2B4 /* Resources */ = {
			isa = PBXResourcesBuildPhase;
			buildActionMask = 2147483647;
			files = (
			);
			runOnlyForDeploymentPostprocessing = 0;
		};
		E8C9F3342A48E4F900A8F2B4 /* Resources */ = {
			isa = PBXResourcesBuildPhase;
			buildActionMask = 2147483647;
			files = (
			);
			runOnlyForDeploymentPostprocessing = 0;
		};
/* End PBXResourcesBuildPhase section */

/* Begin PBXShellScriptBuildPhase section */
		19818C4295BA100799730BDA /* [CP] Check Pods Manifest.lock */ = {
			isa = PBXShellScriptBuildPhase;
			buildActionMask = 2147483647;
			files = (
			);
			inputFileListPaths = (
			);
			inputPaths = (
				"${PODS_PODFILE_DIR_PATH}/Podfile.lock",
				"${PODS_ROOT}/Manifest.lock",
			);
			name = "[CP] Check Pods Manifest.lock";
			outputFileListPaths = (
			);
			outputPaths = (
				"$(DERIVED_FILE_DIR)/Pods-Lupa-checkManifestLockResult.txt",
			);
			runOnlyForDeploymentPostprocessing = 0;
			shellPath = /bin/sh;
			shellScript = "diff \"${PODS_PODFILE_DIR_PATH}/Podfile.lock\" \"${PODS_ROOT}/Manifest.lock\" > /dev/null\nif [ $? != 0 ] ; then\n    # print error to STDERR\n    echo \"error: The sandbox is not in sync with the Podfile.lock. Run 'pod install' or update your CocoaPods installation.\" >&2\n    exit 1\nfi\n# This output is used by Xcode 'outputs' to avoid re-running this script phase.\necho \"SUCCESS\" > \"${SCRIPT_OUTPUT_FILE_0}\"\n";
			showEnvVarsInLog = 0;
		};
		5F173031838EB33EF686FFD8 /* [CP] Check Pods Manifest.lock */ = {
			isa = PBXShellScriptBuildPhase;
			buildActionMask = 2147483647;
			files = (
			);
			inputFileListPaths = (
			);
			inputPaths = (
				"${PODS_PODFILE_DIR_PATH}/Podfile.lock",
				"${PODS_ROOT}/Manifest.lock",
			);
			name = "[CP] Check Pods Manifest.lock";
			outputFileListPaths = (
			);
			outputPaths = (
				"$(DERIVED_FILE_DIR)/Pods-Lupa-LupaUITests-checkManifestLockResult.txt",
			);
			runOnlyForDeploymentPostprocessing = 0;
			shellPath = /bin/sh;
			shellScript = "diff \"${PODS_PODFILE_DIR_PATH}/Podfile.lock\" \"${PODS_ROOT}/Manifest.lock\" > /dev/null\nif [ $? != 0 ] ; then\n    # print error to STDERR\n    echo \"error: The sandbox is not in sync with the Podfile.lock. Run 'pod install' or update your CocoaPods installation.\" >&2\n    exit 1\nfi\n# This output is used by Xcode 'outputs' to avoid re-running this script phase.\necho \"SUCCESS\" > \"${SCRIPT_OUTPUT_FILE_0}\"\n";
			showEnvVarsInLog = 0;
		};
		938E6C33BAE0A344FC742D12 /* [CP] Check Pods Manifest.lock */ = {
			isa = PBXShellScriptBuildPhase;
			buildActionMask = 2147483647;
			files = (
			);
			inputFileListPaths = (
			);
			inputPaths = (
				"${PODS_PODFILE_DIR_PATH}/Podfile.lock",
				"${PODS_ROOT}/Manifest.lock",
			);
			name = "[CP] Check Pods Manifest.lock";
			outputFileListPaths = (
			);
			outputPaths = (
				"$(DERIVED_FILE_DIR)/Pods-LupaTests-checkManifestLockResult.txt",
			);
			runOnlyForDeploymentPostprocessing = 0;
			shellPath = /bin/sh;
			shellScript = "diff \"${PODS_PODFILE_DIR_PATH}/Podfile.lock\" \"${PODS_ROOT}/Manifest.lock\" > /dev/null\nif [ $? != 0 ] ; then\n    # print error to STDERR\n    echo \"error: The sandbox is not in sync with the Podfile.lock. Run 'pod install' or update your CocoaPods installation.\" >&2\n    exit 1\nfi\n# This output is used by Xcode 'outputs' to avoid re-running this script phase.\necho \"SUCCESS\" > \"${SCRIPT_OUTPUT_FILE_0}\"\n";
			showEnvVarsInLog = 0;
		};
		EA91CCF079AD786A3446A1E9 /* [CP] Embed Pods Frameworks */ = {
			isa = PBXShellScriptBuildPhase;
			buildActionMask = 2147483647;
			files = (
			);
			inputFileListPaths = (
				"${PODS_ROOT}/Target Support Files/Pods-Lupa-LupaUITests/Pods-Lupa-LupaUITests-frameworks-${CONFIGURATION}-input-files.xcfilelist",
			);
			name = "[CP] Embed Pods Frameworks";
			outputFileListPaths = (
				"${PODS_ROOT}/Target Support Files/Pods-Lupa-LupaUITests/Pods-Lupa-LupaUITests-frameworks-${CONFIGURATION}-output-files.xcfilelist",
			);
			runOnlyForDeploymentPostprocessing = 0;
			shellPath = /bin/sh;
			shellScript = "\"${PODS_ROOT}/Target Support Files/Pods-Lupa-LupaUITests/Pods-Lupa-LupaUITests-frameworks.sh\"\n";
			showEnvVarsInLog = 0;
		};
		F0BB292794175CFB44FF4C44 /* [CP] Embed Pods Frameworks */ = {
			isa = PBXShellScriptBuildPhase;
			buildActionMask = 2147483647;
			files = (
			);
			inputFileListPaths = (
				"${PODS_ROOT}/Target Support Files/Pods-Lupa/Pods-Lupa-frameworks-${CONFIGURATION}-input-files.xcfilelist",
			);
			name = "[CP] Embed Pods Frameworks";
			outputFileListPaths = (
				"${PODS_ROOT}/Target Support Files/Pods-Lupa/Pods-Lupa-frameworks-${CONFIGURATION}-output-files.xcfilelist",
			);
			runOnlyForDeploymentPostprocessing = 0;
			shellPath = /bin/sh;
			shellScript = "\"${PODS_ROOT}/Target Support Files/Pods-Lupa/Pods-Lupa-frameworks.sh\"\n";
			showEnvVarsInLog = 0;
		};
/* End PBXShellScriptBuildPhase section */

/* Begin PBXSourcesBuildPhase section */
		E8C9F3122A48E4F700A8F2B4 /* Sources */ = {
			isa = PBXSourcesBuildPhase;
			buildActionMask = 2147483647;
			files = (
				E84449B82A4F053500E4799A /* DishPotraitCollectionViewCell.swift in Sources */,
				E8DC9D722A4A2362005FDCE3 /* CategoryCollectionViewCell.swift in Sources */,
				E8C9F3512A48EB5C00A8F2B4 /* UIView + Extension.swift in Sources */,
				E8C9F3552A48F2FB00A8F2B4 /* OnboardingCollectionViewCell.swift in Sources */,
				E8C9F31A2A48E4F700A8F2B4 /* AppDelegate.swift in Sources */,
				E8C9F31C2A48E4F700A8F2B4 /* SceneDelegate.swift in Sources */,
				E8C9F34E2A48E88200A8F2B4 /* OnboardingViewController.swift in Sources */,
				E8DC9D692A49CB2F005FDCE3 /* HomeViewController.swift in Sources */,
				E8A53BCD2A502EF7005AAB9A /* dish.swift in Sources */,
				E8DC9D762A4A263B005FDCE3 /* DishCategory.swift in Sources */,
				E8DC9D782A4A28A1005FDCE3 /* String+Extension.swift in Sources */,
				E84449B22A4F029200E4799A /* CardView.swift in Sources */,
				E8C9F3532A48EC5200A8F2B4 /* OnBoardingSlide.swift in Sources */,
			);
			runOnlyForDeploymentPostprocessing = 0;
		};
		E8C9F3282A48E4F900A8F2B4 /* Sources */ = {
			isa = PBXSourcesBuildPhase;
			buildActionMask = 2147483647;
			files = (
				E8C9F3312A48E4F900A8F2B4 /* LupaTests.swift in Sources */,
			);
			runOnlyForDeploymentPostprocessing = 0;
		};
		E8C9F3322A48E4F900A8F2B4 /* Sources */ = {
			isa = PBXSourcesBuildPhase;
			buildActionMask = 2147483647;
			files = (
				E8C9F33D2A48E4F900A8F2B4 /* LupaUITestsLaunchTests.swift in Sources */,
				E8C9F33B2A48E4F900A8F2B4 /* LupaUITests.swift in Sources */,
			);
			runOnlyForDeploymentPostprocessing = 0;
		};
/* End PBXSourcesBuildPhase section */

/* Begin PBXTargetDependency section */
		E8C9F32E2A48E4F900A8F2B4 /* PBXTargetDependency */ = {
			isa = PBXTargetDependency;
			target = E8C9F3152A48E4F700A8F2B4 /* Lupa */;
			targetProxy = E8C9F32D2A48E4F900A8F2B4 /* PBXContainerItemProxy */;
		};
		E8C9F3382A48E4F900A8F2B4 /* PBXTargetDependency */ = {
			isa = PBXTargetDependency;
			target = E8C9F3152A48E4F700A8F2B4 /* Lupa */;
			targetProxy = E8C9F3372A48E4F900A8F2B4 /* PBXContainerItemProxy */;
		};
/* End PBXTargetDependency section */

/* Begin PBXVariantGroup section */
		E8C9F31F2A48E4F700A8F2B4 /* Main.storyboard */ = {
			isa = PBXVariantGroup;
			children = (
				E8C9F3202A48E4F700A8F2B4 /* Base */,
			);
			name = Main.storyboard;
			sourceTree = "<group>";
		};
		E8C9F3242A48E4F900A8F2B4 /* LaunchScreen.storyboard */ = {
			isa = PBXVariantGroup;
			children = (
				E8C9F3252A48E4F900A8F2B4 /* Base */,
			);
			name = LaunchScreen.storyboard;
			sourceTree = "<group>";
		};
/* End PBXVariantGroup section */

/* Begin XCBuildConfiguration section */
		E8C9F33E2A48E4F900A8F2B4 /* Debug */ = {
			isa = XCBuildConfiguration;
			buildSettings = {
				ALWAYS_SEARCH_USER_PATHS = NO;
				CLANG_ANALYZER_NONNULL = YES;
				CLANG_ANALYZER_NUMBER_OBJECT_CONVERSION = YES_AGGRESSIVE;
				CLANG_CXX_LANGUAGE_STANDARD = "gnu++20";
				CLANG_ENABLE_MODULES = YES;
				CLANG_ENABLE_OBJC_ARC = YES;
				CLANG_ENABLE_OBJC_WEAK = YES;
				CLANG_WARN_BLOCK_CAPTURE_AUTORELEASING = YES;
				CLANG_WARN_BOOL_CONVERSION = YES;
				CLANG_WARN_COMMA = YES;
				CLANG_WARN_CONSTANT_CONVERSION = YES;
				CLANG_WARN_DEPRECATED_OBJC_IMPLEMENTATIONS = YES;
				CLANG_WARN_DIRECT_OBJC_ISA_USAGE = YES_ERROR;
				CLANG_WARN_DOCUMENTATION_COMMENTS = YES;
				CLANG_WARN_EMPTY_BODY = YES;
				CLANG_WARN_ENUM_CONVERSION = YES;
				CLANG_WARN_INFINITE_RECURSION = YES;
				CLANG_WARN_INT_CONVERSION = YES;
				CLANG_WARN_NON_LITERAL_NULL_CONVERSION = YES;
				CLANG_WARN_OBJC_IMPLICIT_RETAIN_SELF = YES;
				CLANG_WARN_OBJC_LITERAL_CONVERSION = YES;
				CLANG_WARN_OBJC_ROOT_CLASS = YES_ERROR;
				CLANG_WARN_QUOTED_INCLUDE_IN_FRAMEWORK_HEADER = YES;
				CLANG_WARN_RANGE_LOOP_ANALYSIS = YES;
				CLANG_WARN_STRICT_PROTOTYPES = YES;
				CLANG_WARN_SUSPICIOUS_MOVE = YES;
				CLANG_WARN_UNGUARDED_AVAILABILITY = YES_AGGRESSIVE;
				CLANG_WARN_UNREACHABLE_CODE = YES;
				CLANG_WARN__DUPLICATE_METHOD_MATCH = YES;
				COPY_PHASE_STRIP = NO;
				DEBUG_INFORMATION_FORMAT = dwarf;
				ENABLE_STRICT_OBJC_MSGSEND = YES;
				ENABLE_TESTABILITY = YES;
				GCC_C_LANGUAGE_STANDARD = gnu11;
				GCC_DYNAMIC_NO_PIC = NO;
				GCC_NO_COMMON_BLOCKS = YES;
				GCC_OPTIMIZATION_LEVEL = 0;
				GCC_PREPROCESSOR_DEFINITIONS = (
					"DEBUG=1",
					"$(inherited)",
				);
				GCC_WARN_64_TO_32_BIT_CONVERSION = YES;
				GCC_WARN_ABOUT_RETURN_TYPE = YES_ERROR;
				GCC_WARN_UNDECLARED_SELECTOR = YES;
				GCC_WARN_UNINITIALIZED_AUTOS = YES_AGGRESSIVE;
				GCC_WARN_UNUSED_FUNCTION = YES;
				GCC_WARN_UNUSED_VARIABLE = YES;
				IPHONEOS_DEPLOYMENT_TARGET = 16.4;
				MTL_ENABLE_DEBUG_INFO = INCLUDE_SOURCE;
				MTL_FAST_MATH = YES;
				ONLY_ACTIVE_ARCH = YES;
				SDKROOT = iphoneos;
				SWIFT_ACTIVE_COMPILATION_CONDITIONS = DEBUG;
				SWIFT_OPTIMIZATION_LEVEL = "-Onone";
			};
			name = Debug;
		};
		E8C9F33F2A48E4F900A8F2B4 /* Release */ = {
			isa = XCBuildConfiguration;
			buildSettings = {
				ALWAYS_SEARCH_USER_PATHS = NO;
				CLANG_ANALYZER_NONNULL = YES;
				CLANG_ANALYZER_NUMBER_OBJECT_CONVERSION = YES_AGGRESSIVE;
				CLANG_CXX_LANGUAGE_STANDARD = "gnu++20";
				CLANG_ENABLE_MODULES = YES;
				CLANG_ENABLE_OBJC_ARC = YES;
				CLANG_ENABLE_OBJC_WEAK = YES;
				CLANG_WARN_BLOCK_CAPTURE_AUTORELEASING = YES;
				CLANG_WARN_BOOL_CONVERSION = YES;
				CLANG_WARN_COMMA = YES;
				CLANG_WARN_CONSTANT_CONVERSION = YES;
				CLANG_WARN_DEPRECATED_OBJC_IMPLEMENTATIONS = YES;
				CLANG_WARN_DIRECT_OBJC_ISA_USAGE = YES_ERROR;
				CLANG_WARN_DOCUMENTATION_COMMENTS = YES;
				CLANG_WARN_EMPTY_BODY = YES;
				CLANG_WARN_ENUM_CONVERSION = YES;
				CLANG_WARN_INFINITE_RECURSION = YES;
				CLANG_WARN_INT_CONVERSION = YES;
				CLANG_WARN_NON_LITERAL_NULL_CONVERSION = YES;
				CLANG_WARN_OBJC_IMPLICIT_RETAIN_SELF = YES;
				CLANG_WARN_OBJC_LITERAL_CONVERSION = YES;
				CLANG_WARN_OBJC_ROOT_CLASS = YES_ERROR;
				CLANG_WARN_QUOTED_INCLUDE_IN_FRAMEWORK_HEADER = YES;
				CLANG_WARN_RANGE_LOOP_ANALYSIS = YES;
				CLANG_WARN_STRICT_PROTOTYPES = YES;
				CLANG_WARN_SUSPICIOUS_MOVE = YES;
				CLANG_WARN_UNGUARDED_AVAILABILITY = YES_AGGRESSIVE;
				CLANG_WARN_UNREACHABLE_CODE = YES;
				CLANG_WARN__DUPLICATE_METHOD_MATCH = YES;
				COPY_PHASE_STRIP = NO;
				DEBUG_INFORMATION_FORMAT = "dwarf-with-dsym";
				ENABLE_NS_ASSERTIONS = NO;
				ENABLE_STRICT_OBJC_MSGSEND = YES;
				GCC_C_LANGUAGE_STANDARD = gnu11;
				GCC_NO_COMMON_BLOCKS = YES;
				GCC_WARN_64_TO_32_BIT_CONVERSION = YES;
				GCC_WARN_ABOUT_RETURN_TYPE = YES_ERROR;
				GCC_WARN_UNDECLARED_SELECTOR = YES;
				GCC_WARN_UNINITIALIZED_AUTOS = YES_AGGRESSIVE;
				GCC_WARN_UNUSED_FUNCTION = YES;
				GCC_WARN_UNUSED_VARIABLE = YES;
				IPHONEOS_DEPLOYMENT_TARGET = 16.4;
				MTL_ENABLE_DEBUG_INFO = NO;
				MTL_FAST_MATH = YES;
				SDKROOT = iphoneos;
				SWIFT_COMPILATION_MODE = wholemodule;
				SWIFT_OPTIMIZATION_LEVEL = "-O";
				VALIDATE_PRODUCT = YES;
			};
			name = Release;
		};
		E8C9F3412A48E4F900A8F2B4 /* Debug */ = {
			isa = XCBuildConfiguration;
			baseConfigurationReference = FD80BCEEB9B302134D615CFA /* Pods-Lupa.debug.xcconfig */;
			buildSettings = {
				ASSETCATALOG_COMPILER_APPICON_NAME = AppIcon;
				ASSETCATALOG_COMPILER_GLOBAL_ACCENT_COLOR_NAME = AccentColor;
				CODE_SIGN_STYLE = Automatic;
				CURRENT_PROJECT_VERSION = 1;
				GENERATE_INFOPLIST_FILE = YES;
				INFOPLIST_FILE = Lupa/Info.plist;
				INFOPLIST_KEY_UIApplicationSupportsIndirectInputEvents = YES;
				INFOPLIST_KEY_UILaunchStoryboardName = LaunchScreen;
				INFOPLIST_KEY_UIMainStoryboardFile = Main;
				INFOPLIST_KEY_UISupportedInterfaceOrientations_iPad = "UIInterfaceOrientationPortrait UIInterfaceOrientationPortraitUpsideDown UIInterfaceOrientationLandscapeLeft UIInterfaceOrientationLandscapeRight";
				INFOPLIST_KEY_UISupportedInterfaceOrientations_iPhone = "UIInterfaceOrientationPortrait UIInterfaceOrientationLandscapeLeft UIInterfaceOrientationLandscapeRight";
				LD_RUNPATH_SEARCH_PATHS = (
					"$(inherited)",
					"@executable_path/Frameworks",
				);
				MARKETING_VERSION = 1.0;
				PRODUCT_BUNDLE_IDENTIFIER = l.Lupa;
				PRODUCT_NAME = "$(TARGET_NAME)";
				SWIFT_EMIT_LOC_STRINGS = YES;
				SWIFT_VERSION = 5.0;
				TARGETED_DEVICE_FAMILY = "1,2";
			};
			name = Debug;
		};
		E8C9F3422A48E4F900A8F2B4 /* Release */ = {
			isa = XCBuildConfiguration;
			baseConfigurationReference = 0386E8E3D95D5A50D3B52CDB /* Pods-Lupa.release.xcconfig */;
			buildSettings = {
				ASSETCATALOG_COMPILER_APPICON_NAME = AppIcon;
				ASSETCATALOG_COMPILER_GLOBAL_ACCENT_COLOR_NAME = AccentColor;
				CODE_SIGN_STYLE = Automatic;
				CURRENT_PROJECT_VERSION = 1;
				GENERATE_INFOPLIST_FILE = YES;
				INFOPLIST_FILE = Lupa/Info.plist;
				INFOPLIST_KEY_UIApplicationSupportsIndirectInputEvents = YES;
				INFOPLIST_KEY_UILaunchStoryboardName = LaunchScreen;
				INFOPLIST_KEY_UIMainStoryboardFile = Main;
				INFOPLIST_KEY_UISupportedInterfaceOrientations_iPad = "UIInterfaceOrientationPortrait UIInterfaceOrientationPortraitUpsideDown UIInterfaceOrientationLandscapeLeft UIInterfaceOrientationLandscapeRight";
				INFOPLIST_KEY_UISupportedInterfaceOrientations_iPhone = "UIInterfaceOrientationPortrait UIInterfaceOrientationLandscapeLeft UIInterfaceOrientationLandscapeRight";
				LD_RUNPATH_SEARCH_PATHS = (
					"$(inherited)",
					"@executable_path/Frameworks",
				);
				MARKETING_VERSION = 1.0;
				PRODUCT_BUNDLE_IDENTIFIER = l.Lupa;
				PRODUCT_NAME = "$(TARGET_NAME)";
				SWIFT_EMIT_LOC_STRINGS = YES;
				SWIFT_VERSION = 5.0;
				TARGETED_DEVICE_FAMILY = "1,2";
			};
			name = Release;
		};
		E8C9F3442A48E4F900A8F2B4 /* Debug */ = {
			isa = XCBuildConfiguration;
			baseConfigurationReference = 492842F3C9F7B293EE023709 /* Pods-LupaTests.debug.xcconfig */;
			buildSettings = {
				ALWAYS_EMBED_SWIFT_STANDARD_LIBRARIES = YES;
				BUNDLE_LOADER = "$(TEST_HOST)";
				CODE_SIGN_STYLE = Automatic;
				CURRENT_PROJECT_VERSION = 1;
				GENERATE_INFOPLIST_FILE = YES;
				IPHONEOS_DEPLOYMENT_TARGET = 16.4;
				MARKETING_VERSION = 1.0;
				PRODUCT_BUNDLE_IDENTIFIER = l.LupaTests;
				PRODUCT_NAME = "$(TARGET_NAME)";
				SWIFT_EMIT_LOC_STRINGS = NO;
				SWIFT_VERSION = 5.0;
				TARGETED_DEVICE_FAMILY = "1,2";
				TEST_HOST = "$(BUILT_PRODUCTS_DIR)/Lupa.app/$(BUNDLE_EXECUTABLE_FOLDER_PATH)/Lupa";
			};
			name = Debug;
		};
		E8C9F3452A48E4F900A8F2B4 /* Release */ = {
			isa = XCBuildConfiguration;
			baseConfigurationReference = 5207EB9512705EB41AF79FCD /* Pods-LupaTests.release.xcconfig */;
			buildSettings = {
				ALWAYS_EMBED_SWIFT_STANDARD_LIBRARIES = YES;
				BUNDLE_LOADER = "$(TEST_HOST)";
				CODE_SIGN_STYLE = Automatic;
				CURRENT_PROJECT_VERSION = 1;
				GENERATE_INFOPLIST_FILE = YES;
				IPHONEOS_DEPLOYMENT_TARGET = 16.4;
				MARKETING_VERSION = 1.0;
				PRODUCT_BUNDLE_IDENTIFIER = l.LupaTests;
				PRODUCT_NAME = "$(TARGET_NAME)";
				SWIFT_EMIT_LOC_STRINGS = NO;
				SWIFT_VERSION = 5.0;
				TARGETED_DEVICE_FAMILY = "1,2";
				TEST_HOST = "$(BUILT_PRODUCTS_DIR)/Lupa.app/$(BUNDLE_EXECUTABLE_FOLDER_PATH)/Lupa";
			};
			name = Release;
		};
		E8C9F3472A48E4F900A8F2B4 /* Debug */ = {
			isa = XCBuildConfiguration;
			baseConfigurationReference = EFBC1B3BA40D9B998F04717D /* Pods-Lupa-LupaUITests.debug.xcconfig */;
			buildSettings = {
				ALWAYS_EMBED_SWIFT_STANDARD_LIBRARIES = YES;
				CODE_SIGN_STYLE = Automatic;
				CURRENT_PROJECT_VERSION = 1;
				GENERATE_INFOPLIST_FILE = YES;
				MARKETING_VERSION = 1.0;
				PRODUCT_BUNDLE_IDENTIFIER = l.LupaUITests;
				PRODUCT_NAME = "$(TARGET_NAME)";
				SWIFT_EMIT_LOC_STRINGS = NO;
				SWIFT_VERSION = 5.0;
				TARGETED_DEVICE_FAMILY = "1,2";
				TEST_TARGET_NAME = Lupa;
			};
			name = Debug;
		};
		E8C9F3482A48E4F900A8F2B4 /* Release */ = {
			isa = XCBuildConfiguration;
			baseConfigurationReference = D8EDF860FF338C67E3B29CD4 /* Pods-Lupa-LupaUITests.release.xcconfig */;
			buildSettings = {
				ALWAYS_EMBED_SWIFT_STANDARD_LIBRARIES = YES;
				CODE_SIGN_STYLE = Automatic;
				CURRENT_PROJECT_VERSION = 1;
				GENERATE_INFOPLIST_FILE = YES;
				MARKETING_VERSION = 1.0;
				PRODUCT_BUNDLE_IDENTIFIER = l.LupaUITests;
				PRODUCT_NAME = "$(TARGET_NAME)";
				SWIFT_EMIT_LOC_STRINGS = NO;
				SWIFT_VERSION = 5.0;
				TARGETED_DEVICE_FAMILY = "1,2";
				TEST_TARGET_NAME = Lupa;
			};
			name = Release;
		};
/* End XCBuildConfiguration section */

/* Begin XCConfigurationList section */
		E8C9F3112A48E4F700A8F2B4 /* Build configuration list for PBXProject "Lupa" */ = {
			isa = XCConfigurationList;
			buildConfigurations = (
				E8C9F33E2A48E4F900A8F2B4 /* Debug */,
				E8C9F33F2A48E4F900A8F2B4 /* Release */,
			);
			defaultConfigurationIsVisible = 0;
			defaultConfigurationName = Release;
		};
		E8C9F3402A48E4F900A8F2B4 /* Build configuration list for PBXNativeTarget "Lupa" */ = {
			isa = XCConfigurationList;
			buildConfigurations = (
				E8C9F3412A48E4F900A8F2B4 /* Debug */,
				E8C9F3422A48E4F900A8F2B4 /* Release */,
			);
			defaultConfigurationIsVisible = 0;
			defaultConfigurationName = Release;
		};
		E8C9F3432A48E4F900A8F2B4 /* Build configuration list for PBXNativeTarget "LupaTests" */ = {
			isa = XCConfigurationList;
			buildConfigurations = (
				E8C9F3442A48E4F900A8F2B4 /* Debug */,
				E8C9F3452A48E4F900A8F2B4 /* Release */,
			);
			defaultConfigurationIsVisible = 0;
			defaultConfigurationName = Release;
		};
		E8C9F3462A48E4F900A8F2B4 /* Build configuration list for PBXNativeTarget "LupaUITests" */ = {
			isa = XCConfigurationList;
			buildConfigurations = (
				E8C9F3472A48E4F900A8F2B4 /* Debug */,
				E8C9F3482A48E4F900A8F2B4 /* Release */,
			);
			defaultConfigurationIsVisible = 0;
			defaultConfigurationName = Release;
		};
/* End XCConfigurationList section */
	};
	rootObject = E8C9F30E2A48E4F700A8F2B4 /* Project object */;
}
