// !$*UTF8*$!
{
	archiveVersion = 1;
	classes = {
	};
	objectVersion = 56;
	objects = {

/* Begin PBXBuildFile section */
		C07ACE4A90DC5488A4CF5632 /* Pods_Lupa_LupaUITests.framework in Frameworks */ = {isa = PBXBuildFile; fileRef = EAD1F2C9659C81585845ED25 /* Pods_Lupa_LupaUITests.framework */; };
		C103E614C0178B270D4941FC /* Pods_LupaTests.framework in Frameworks */ = {isa = PBXBuildFile; fileRef = BCD79BB56A3D7132FBEF73EB /* Pods_LupaTests.framework */; };
		C42C5A783EBAA31F43968A28 /* Pods_Lupa.framework in Frameworks */ = {isa = PBXBuildFile; fileRef = 46CFC1FDD31F36E1D1161C97 /* Pods_Lupa.framework */; };
		E81EAF3F2B45AF0A0041315F /* UIView+Extension.swift in Sources */ = {isa = PBXBuildFile; fileRef = E81EAF3B2B45AF0A0041315F /* UIView+Extension.swift */; };
		E81EAF402B45AF0A0041315F /* UIViewController+Extension.swift in Sources */ = {isa = PBXBuildFile; fileRef = E81EAF3C2B45AF0A0041315F /* UIViewController+Extension.swift */; };
		E81EAF412B45AF0A0041315F /* String+Extension.swift in Sources */ = {isa = PBXBuildFile; fileRef = E81EAF3D2B45AF0A0041315F /* String+Extension.swift */; };
		E81EAF422B45AF0A0041315F /* UserDefaults+Extension.swift in Sources */ = {isa = PBXBuildFile; fileRef = E81EAF3E2B45AF0A0041315F /* UserDefaults+Extension.swift */; };
		E81EAF482B45AF1C0041315F /* AppError.swift in Sources */ = {isa = PBXBuildFile; fileRef = E81EAF432B45AF1B0041315F /* AppError.swift */; };
		E81EAF492B45AF1C0041315F /* ApiResponse.swift in Sources */ = {isa = PBXBuildFile; fileRef = E81EAF442B45AF1C0041315F /* ApiResponse.swift */; };
		E81EAF4A2B45AF1C0041315F /* Method.swift in Sources */ = {isa = PBXBuildFile; fileRef = E81EAF452B45AF1C0041315F /* Method.swift */; };
		E81EAF4B2B45AF1C0041315F /* NetworkService.swift in Sources */ = {isa = PBXBuildFile; fileRef = E81EAF462B45AF1C0041315F /* NetworkService.swift */; };
		E81EAF4C2B45AF1C0041315F /* Route.swift in Sources */ = {isa = PBXBuildFile; fileRef = E81EAF472B45AF1C0041315F /* Route.swift */; };
		E81EAF542B45AF340041315F /* Order.swift in Sources */ = {isa = PBXBuildFile; fileRef = E81EAF4F2B45AF340041315F /* Order.swift */; };
		E81EAF552B45AF340041315F /* Dish.swift in Sources */ = {isa = PBXBuildFile; fileRef = E81EAF502B45AF340041315F /* Dish.swift */; };
		E81EAF562B45AF340041315F /* AllDishes.swift in Sources */ = {isa = PBXBuildFile; fileRef = E81EAF512B45AF340041315F /* AllDishes.swift */; };
		E81EAF572B45AF340041315F /* DishCategory.swift in Sources */ = {isa = PBXBuildFile; fileRef = E81EAF522B45AF340041315F /* DishCategory.swift */; };
		E81EAF582B45AF340041315F /* OnboaringSlide.swift in Sources */ = {isa = PBXBuildFile; fileRef = E81EAF532B45AF340041315F /* OnboaringSlide.swift */; };
		E81EAF612B45AFAB0041315F /* Main.storyboard in Resources */ = {isa = PBXBuildFile; fileRef = E81EAF5F2B45AFAB0041315F /* Main.storyboard */; };
		E81EAF622B45AFAB0041315F /* LaunchScreen.storyboard in Resources */ = {isa = PBXBuildFile; fileRef = E81EAF602B45AFAB0041315F /* LaunchScreen.storyboard */; };
		E81EAF652B45AFC30041315F /* AppDelegate.swift in Sources */ = {isa = PBXBuildFile; fileRef = E81EAF632B45AFC30041315F /* AppDelegate.swift */; };
		E81EAF662B45AFC30041315F /* SceneDelegate.swift in Sources */ = {isa = PBXBuildFile; fileRef = E81EAF642B45AFC30041315F /* SceneDelegate.swift */; };
		E81EAF6D2B45B18A0041315F /* IQKeyboardManagerSwift in Frameworks */ = {isa = PBXBuildFile; productRef = E81EAF6C2B45B18A0041315F /* IQKeyboardManagerSwift */; };
		E8C9180D2B45B2E30096B889 /* DishDetailViewController.swift in Sources */ = {isa = PBXBuildFile; fileRef = E8C9180C2B45B2E30096B889 /* DishDetailViewController.swift */; };
		E8C918132B45B3050096B889 /* HomeViewController.swift in Sources */ = {isa = PBXBuildFile; fileRef = E8C918122B45B3050096B889 /* HomeViewController.swift */; };
		E8C918152B45B30B0096B889 /* ListDishesViewController.swift in Sources */ = {isa = PBXBuildFile; fileRef = E8C918142B45B30A0096B889 /* ListDishesViewController.swift */; };
		E8C918172B45B3110096B889 /* ListOrdersViewController.swift in Sources */ = {isa = PBXBuildFile; fileRef = E8C918162B45B3110096B889 /* ListOrdersViewController.swift */; };
		E8C9181A2B45B31A0096B889 /* OnboardingCollectionViewCell.swift in Sources */ = {isa = PBXBuildFile; fileRef = E8C918182B45B31A0096B889 /* OnboardingCollectionViewCell.swift */; };
		E8C9181B2B45B31A0096B889 /* OnboardingViewController.swift in Sources */ = {isa = PBXBuildFile; fileRef = E8C918192B45B31A0096B889 /* OnboardingViewController.swift */; };
		E8C9181E2B45B35F0096B889 /* ProgressHUD in Frameworks */ = {isa = PBXBuildFile; productRef = E8C9181D2B45B35F0096B889 /* ProgressHUD */; };
		E8C918212B45B3BD0096B889 /* Kingfisher in Frameworks */ = {isa = PBXBuildFile; productRef = E8C918202B45B3BD0096B889 /* Kingfisher */; };
		E8C918272B45B45C0096B889 /* CardView.swift in Sources */ = {isa = PBXBuildFile; fileRef = E8C918262B45B45C0096B889 /* CardView.swift */; };
		E8C9182E2B45B4840096B889 /* CategoryCollectionViewCell.swift in Sources */ = {isa = PBXBuildFile; fileRef = E8C9182C2B45B4840096B889 /* CategoryCollectionViewCell.swift */; };
		E8C9182F2B45B4840096B889 /* CategoryCollectionViewCell.xib in Resources */ = {isa = PBXBuildFile; fileRef = E8C9182D2B45B4840096B889 /* CategoryCollectionViewCell.xib */; };
		E8C918322B45B4890096B889 /* DIshLandscapeCollectionViewCell.xib in Resources */ = {isa = PBXBuildFile; fileRef = E8C918302B45B4890096B889 /* DIshLandscapeCollectionViewCell.xib */; };
		E8C918332B45B4890096B889 /* DIshLandscapeCollectionViewCell.swift in Sources */ = {isa = PBXBuildFile; fileRef = E8C918312B45B4890096B889 /* DIshLandscapeCollectionViewCell.swift */; };
		E8C918362B45B48E0096B889 /* DishPortraitCollectionViewCell.swift in Sources */ = {isa = PBXBuildFile; fileRef = E8C918342B45B48E0096B889 /* DishPortraitCollectionViewCell.swift */; };
		E8C918372B45B48E0096B889 /* DishPortraitCollectionViewCell.xib in Resources */ = {isa = PBXBuildFile; fileRef = E8C918352B45B48E0096B889 /* DishPortraitCollectionViewCell.xib */; };
		E8C9183C2B45B4B00096B889 /* DishListTableViewCell.xib in Resources */ = {isa = PBXBuildFile; fileRef = E8C9183A2B45B4B00096B889 /* DishListTableViewCell.xib */; };
		E8C9183D2B45B4B00096B889 /* DishListTableViewCell.swift in Sources */ = {isa = PBXBuildFile; fileRef = E8C9183B2B45B4B00096B889 /* DishListTableViewCell.swift */; };
		E8C9F3232A48E4F900A8F2B4 /* Assets.xcassets in Resources */ = {isa = PBXBuildFile; fileRef = E8C9F3222A48E4F900A8F2B4 /* Assets.xcassets */; };
		E8C9F3312A48E4F900A8F2B4 /* LupaTests.swift in Sources */ = {isa = PBXBuildFile; fileRef = E8C9F3302A48E4F900A8F2B4 /* LupaTests.swift */; };
		E8C9F33B2A48E4F900A8F2B4 /* LupaUITests.swift in Sources */ = {isa = PBXBuildFile; fileRef = E8C9F33A2A48E4F900A8F2B4 /* LupaUITests.swift */; };
		E8C9F33D2A48E4F900A8F2B4 /* LupaUITestsLaunchTests.swift in Sources */ = {isa = PBXBuildFile; fileRef = E8C9F33C2A48E4F900A8F2B4 /* LupaUITestsLaunchTests.swift */; };
/* End PBXBuildFile section */

/* Begin PBXContainerItemProxy section */
		E8C9F32D2A48E4F900A8F2B4 /* PBXContainerItemProxy */ = {
			isa = PBXContainerItemProxy;
			containerPortal = E8C9F30E2A48E4F700A8F2B4 /* Project object */;
			proxyType = 1;
			remoteGlobalIDString = E8C9F3152A48E4F700A8F2B4;
			remoteInfo = Lupa;
		};
		E8C9F3372A48E4F900A8F2B4 /* PBXContainerItemProxy */ = {
			isa = PBXContainerItemProxy;
			containerPortal = E8C9F30E2A48E4F700A8F2B4 /* Project object */;
			proxyType = 1;
			remoteGlobalIDString = E8C9F3152A48E4F700A8F2B4;
			remoteInfo = Lupa;
		};
/* End PBXContainerItemProxy section */

/* Begin PBXFileReference section */
		0386E8E3D95D5A50D3B52CDB /* Pods-Lupa.release.xcconfig */ = {isa = PBXFileReference; includeInIndex = 1; lastKnownFileType = text.xcconfig; name = "Pods-Lupa.release.xcconfig"; path = "Target Support Files/Pods-Lupa/Pods-Lupa.release.xcconfig"; sourceTree = "<group>"; };
		46CFC1FDD31F36E1D1161C97 /* Pods_Lupa.framework */ = {isa = PBXFileReference; explicitFileType = wrapper.framework; includeInIndex = 0; path = Pods_Lupa.framework; sourceTree = BUILT_PRODUCTS_DIR; };
		492842F3C9F7B293EE023709 /* Pods-LupaTests.debug.xcconfig */ = {isa = PBXFileReference; includeInIndex = 1; lastKnownFileType = text.xcconfig; name = "Pods-LupaTests.debug.xcconfig"; path = "Target Support Files/Pods-LupaTests/Pods-LupaTests.debug.xcconfig"; sourceTree = "<group>"; };
		5207EB9512705EB41AF79FCD /* Pods-LupaTests.release.xcconfig */ = {isa = PBXFileReference; includeInIndex = 1; lastKnownFileType = text.xcconfig; name = "Pods-LupaTests.release.xcconfig"; path = "Target Support Files/Pods-LupaTests/Pods-LupaTests.release.xcconfig"; sourceTree = "<group>"; };
		BCD79BB56A3D7132FBEF73EB /* Pods_LupaTests.framework */ = {isa = PBXFileReference; explicitFileType = wrapper.framework; includeInIndex = 0; path = Pods_LupaTests.framework; sourceTree = BUILT_PRODUCTS_DIR; };
		D8EDF860FF338C67E3B29CD4 /* Pods-Lupa-LupaUITests.release.xcconfig */ = {isa = PBXFileReference; includeInIndex = 1; lastKnownFileType = text.xcconfig; name = "Pods-Lupa-LupaUITests.release.xcconfig"; path = "Target Support Files/Pods-Lupa-LupaUITests/Pods-Lupa-LupaUITests.release.xcconfig"; sourceTree = "<group>"; };
		E81EAF3B2B45AF0A0041315F /* UIView+Extension.swift */ = {isa = PBXFileReference; fileEncoding = 4; lastKnownFileType = sourcecode.swift; name = "UIView+Extension.swift"; path = "../../../../../../Downloads/ios-tutorials-yummie-network-connection 2/Yummie/Extensions/UIView+Extension.swift"; sourceTree = "<group>"; };
		E81EAF3C2B45AF0A0041315F /* UIViewController+Extension.swift */ = {isa = PBXFileReference; fileEncoding = 4; lastKnownFileType = sourcecode.swift; name = "UIViewController+Extension.swift"; path = "../../../../../../Downloads/ios-tutorials-yummie-network-connection 2/Yummie/Extensions/UIViewController+Extension.swift"; sourceTree = "<group>"; };
		E81EAF3D2B45AF0A0041315F /* String+Extension.swift */ = {isa = PBXFileReference; fileEncoding = 4; lastKnownFileType = sourcecode.swift; path = "String+Extension.swift"; sourceTree = "<group>"; };
		E81EAF3E2B45AF0A0041315F /* UserDefaults+Extension.swift */ = {isa = PBXFileReference; fileEncoding = 4; lastKnownFileType = sourcecode.swift; name = "UserDefaults+Extension.swift"; path = "../../../../../../Downloads/ios-tutorials-yummie-network-connection 2/Yummie/Extensions/UserDefaults+Extension.swift"; sourceTree = "<group>"; };
		E81EAF432B45AF1B0041315F /* AppError.swift */ = {isa = PBXFileReference; fileEncoding = 4; lastKnownFileType = sourcecode.swift; name = AppError.swift; path = "../../../../../../Downloads/ios-tutorials-yummie-network-connection 2/Yummie/Networking/AppError.swift"; sourceTree = "<group>"; };
		E81EAF442B45AF1C0041315F /* ApiResponse.swift */ = {isa = PBXFileReference; fileEncoding = 4; lastKnownFileType = sourcecode.swift; name = ApiResponse.swift; path = "../../../../../../Downloads/ios-tutorials-yummie-network-connection 2/Yummie/Networking/ApiResponse.swift"; sourceTree = "<group>"; };
		E81EAF452B45AF1C0041315F /* Method.swift */ = {isa = PBXFileReference; fileEncoding = 4; lastKnownFileType = sourcecode.swift; name = Method.swift; path = "../../../../../../Downloads/ios-tutorials-yummie-network-connection 2/Yummie/Networking/Method.swift"; sourceTree = "<group>"; };
		E81EAF462B45AF1C0041315F /* NetworkService.swift */ = {isa = PBXFileReference; fileEncoding = 4; lastKnownFileType = sourcecode.swift; name = NetworkService.swift; path = "../../../../../../Downloads/ios-tutorials-yummie-network-connection 2/Yummie/Networking/NetworkService.swift"; sourceTree = "<group>"; };
		E81EAF472B45AF1C0041315F /* Route.swift */ = {isa = PBXFileReference; fileEncoding = 4; lastKnownFileType = sourcecode.swift; name = Route.swift; path = "../../../../../../Downloads/ios-tutorials-yummie-network-connection 2/Yummie/Networking/Route.swift"; sourceTree = "<group>"; };
		E81EAF4F2B45AF340041315F /* Order.swift */ = {isa = PBXFileReference; fileEncoding = 4; lastKnownFileType = sourcecode.swift; name = Order.swift; path = "../../../../../../Downloads/ios-tutorials-yummie-network-connection 2/Yummie/Models/Order.swift"; sourceTree = "<group>"; };
		E81EAF502B45AF340041315F /* Dish.swift */ = {isa = PBXFileReference; fileEncoding = 4; lastKnownFileType = sourcecode.swift; path = Dish.swift; sourceTree = "<group>"; };
		E81EAF512B45AF340041315F /* AllDishes.swift */ = {isa = PBXFileReference; fileEncoding = 4; lastKnownFileType = sourcecode.swift; name = AllDishes.swift; path = "../../../../../../Downloads/ios-tutorials-yummie-network-connection 2/Yummie/Models/AllDishes.swift"; sourceTree = "<group>"; };
		E81EAF522B45AF340041315F /* DishCategory.swift */ = {isa = PBXFileReference; fileEncoding = 4; lastKnownFileType = sourcecode.swift; path = DishCategory.swift; sourceTree = "<group>"; };
		E81EAF532B45AF340041315F /* OnboaringSlide.swift */ = {isa = PBXFileReference; fileEncoding = 4; lastKnownFileType = sourcecode.swift; name = OnboaringSlide.swift; path = "../../../../../../Downloads/ios-tutorials-yummie-network-connection 2/Yummie/Models/OnboaringSlide.swift"; sourceTree = "<group>"; };
		E81EAF5F2B45AFAB0041315F /* Main.storyboard */ = {isa = PBXFileReference; fileEncoding = 4; lastKnownFileType = file.storyboard; path = Main.storyboard; sourceTree = "<group>"; };
		E81EAF602B45AFAB0041315F /* LaunchScreen.storyboard */ = {isa = PBXFileReference; fileEncoding = 4; lastKnownFileType = file.storyboard; path = LaunchScreen.storyboard; sourceTree = "<group>"; };
		E81EAF632B45AFC30041315F /* AppDelegate.swift */ = {isa = PBXFileReference; fileEncoding = 4; lastKnownFileType = sourcecode.swift; path = AppDelegate.swift; sourceTree = "<group>"; };
		E81EAF642B45AFC30041315F /* SceneDelegate.swift */ = {isa = PBXFileReference; fileEncoding = 4; lastKnownFileType = sourcecode.swift; path = SceneDelegate.swift; sourceTree = "<group>"; };
		E8C9180C2B45B2E30096B889 /* DishDetailViewController.swift */ = {isa = PBXFileReference; fileEncoding = 4; lastKnownFileType = sourcecode.swift; name = DishDetailViewController.swift; path = Lupa/Views/DishDetail/DishDetailViewController.swift; sourceTree = SOURCE_ROOT; };
		E8C918122B45B3050096B889 /* HomeViewController.swift */ = {isa = PBXFileReference; fileEncoding = 4; lastKnownFileType = sourcecode.swift; name = HomeViewController.swift; path = Lupa/Views/Home/HomeViewController.swift; sourceTree = SOURCE_ROOT; };
		E8C918142B45B30A0096B889 /* ListDishesViewController.swift */ = {isa = PBXFileReference; fileEncoding = 4; lastKnownFileType = sourcecode.swift; name = ListDishesViewController.swift; path = Lupa/Views/ListDishes/ListDishesViewController.swift; sourceTree = SOURCE_ROOT; };
		E8C918162B45B3110096B889 /* ListOrdersViewController.swift */ = {isa = PBXFileReference; fileEncoding = 4; lastKnownFileType = sourcecode.swift; name = ListOrdersViewController.swift; path = Lupa/Views/ListOrders/ListOrdersViewController.swift; sourceTree = SOURCE_ROOT; };
		E8C918182B45B31A0096B889 /* OnboardingCollectionViewCell.swift */ = {isa = PBXFileReference; fileEncoding = 4; lastKnownFileType = sourcecode.swift; name = OnboardingCollectionViewCell.swift; path = Lupa/Views/Onboarding/OnboardingCollectionViewCell.swift; sourceTree = SOURCE_ROOT; };
		E8C918192B45B31A0096B889 /* OnboardingViewController.swift */ = {isa = PBXFileReference; fileEncoding = 4; lastKnownFileType = sourcecode.swift; name = OnboardingViewController.swift; path = Lupa/Views/Onboarding/OnboardingViewController.swift; sourceTree = SOURCE_ROOT; };
		E8C918262B45B45C0096B889 /* CardView.swift */ = {isa = PBXFileReference; fileEncoding = 4; lastKnownFileType = sourcecode.swift; path = CardView.swift; sourceTree = "<group>"; };
		E8C9182C2B45B4840096B889 /* CategoryCollectionViewCell.swift */ = {isa = PBXFileReference; fileEncoding = 4; lastKnownFileType = sourcecode.swift; path = CategoryCollectionViewCell.swift; sourceTree = "<group>"; };
		E8C9182D2B45B4840096B889 /* CategoryCollectionViewCell.xib */ = {isa = PBXFileReference; fileEncoding = 4; lastKnownFileType = file.xib; path = CategoryCollectionViewCell.xib; sourceTree = "<group>"; };
		E8C918302B45B4890096B889 /* DIshLandscapeCollectionViewCell.xib */ = {isa = PBXFileReference; fileEncoding = 4; lastKnownFileType = file.xib; path = DIshLandscapeCollectionViewCell.xib; sourceTree = "<group>"; };
		E8C918312B45B4890096B889 /* DIshLandscapeCollectionViewCell.swift */ = {isa = PBXFileReference; fileEncoding = 4; lastKnownFileType = sourcecode.swift; path = DIshLandscapeCollectionViewCell.swift; sourceTree = "<group>"; };
		E8C918342B45B48E0096B889 /* DishPortraitCollectionViewCell.swift */ = {isa = PBXFileReference; fileEncoding = 4; lastKnownFileType = sourcecode.swift; path = DishPortraitCollectionViewCell.swift; sourceTree = "<group>"; };
		E8C918352B45B48E0096B889 /* DishPortraitCollectionViewCell.xib */ = {isa = PBXFileReference; fileEncoding = 4; lastKnownFileType = file.xib; path = DishPortraitCollectionViewCell.xib; sourceTree = "<group>"; };
		E8C9183A2B45B4B00096B889 /* DishListTableViewCell.xib */ = {isa = PBXFileReference; fileEncoding = 4; lastKnownFileType = file.xib; path = DishListTableViewCell.xib; sourceTree = "<group>"; };
		E8C9183B2B45B4B00096B889 /* DishListTableViewCell.swift */ = {isa = PBXFileReference; fileEncoding = 4; lastKnownFileType = sourcecode.swift; path = DishListTableViewCell.swift; sourceTree = "<group>"; };
		E8C9F3162A48E4F700A8F2B4 /* Lupa.app */ = {isa = PBXFileReference; explicitFileType = wrapper.application; includeInIndex = 0; path = Lupa.app; sourceTree = BUILT_PRODUCTS_DIR; };
		E8C9F3222A48E4F900A8F2B4 /* Assets.xcassets */ = {isa = PBXFileReference; lastKnownFileType = folder.assetcatalog; path = Assets.xcassets; sourceTree = "<group>"; };
		E8C9F32C2A48E4F900A8F2B4 /* LupaTests.xctest */ = {isa = PBXFileReference; explicitFileType = wrapper.cfbundle; includeInIndex = 0; path = LupaTests.xctest; sourceTree = BUILT_PRODUCTS_DIR; };
		E8C9F3302A48E4F900A8F2B4 /* LupaTests.swift */ = {isa = PBXFileReference; lastKnownFileType = sourcecode.swift; path = LupaTests.swift; sourceTree = "<group>"; };
		E8C9F3362A48E4F900A8F2B4 /* LupaUITests.xctest */ = {isa = PBXFileReference; explicitFileType = wrapper.cfbundle; includeInIndex = 0; path = LupaUITests.xctest; sourceTree = BUILT_PRODUCTS_DIR; };
		E8C9F33A2A48E4F900A8F2B4 /* LupaUITests.swift */ = {isa = PBXFileReference; lastKnownFileType = sourcecode.swift; path = LupaUITests.swift; sourceTree = "<group>"; };
		E8C9F33C2A48E4F900A8F2B4 /* LupaUITestsLaunchTests.swift */ = {isa = PBXFileReference; lastKnownFileType = sourcecode.swift; path = LupaUITestsLaunchTests.swift; sourceTree = "<group>"; };
		EAD1F2C9659C81585845ED25 /* Pods_Lupa_LupaUITests.framework */ = {isa = PBXFileReference; explicitFileType = wrapper.framework; includeInIndex = 0; path = Pods_Lupa_LupaUITests.framework; sourceTree = BUILT_PRODUCTS_DIR; };
		EFBC1B3BA40D9B998F04717D /* Pods-Lupa-LupaUITests.debug.xcconfig */ = {isa = PBXFileReference; includeInIndex = 1; lastKnownFileType = text.xcconfig; name = "Pods-Lupa-LupaUITests.debug.xcconfig"; path = "Target Support Files/Pods-Lupa-LupaUITests/Pods-Lupa-LupaUITests.debug.xcconfig"; sourceTree = "<group>"; };
		FD80BCEEB9B302134D615CFA /* Pods-Lupa.debug.xcconfig */ = {isa = PBXFileReference; includeInIndex = 1; lastKnownFileType = text.xcconfig; name = "Pods-Lupa.debug.xcconfig"; path = "Target Support Files/Pods-Lupa/Pods-Lupa.debug.xcconfig"; sourceTree = "<group>"; };
/* End PBXFileReference section */

/* Begin PBXFrameworksBuildPhase section */
		E8C9F3132A48E4F700A8F2B4 /* Frameworks */ = {
			isa = PBXFrameworksBuildPhase;
			buildActionMask = 2147483647;
			files = (
				E8C918212B45B3BD0096B889 /* Kingfisher in Frameworks */,
				E8C9181E2B45B35F0096B889 /* ProgressHUD in Frameworks */,
				C42C5A783EBAA31F43968A28 /* Pods_Lupa.framework in Frameworks */,
				E81EAF6D2B45B18A0041315F /* IQKeyboardManagerSwift in Frameworks */,
			);
			runOnlyForDeploymentPostprocessing = 0;
		};
		E8C9F3292A48E4F900A8F2B4 /* Frameworks */ = {
			isa = PBXFrameworksBuildPhase;
			buildActionMask = 2147483647;
			files = (
				C103E614C0178B270D4941FC /* Pods_LupaTests.framework in Frameworks */,
			);
			runOnlyForDeploymentPostprocessing = 0;
		};
		E8C9F3332A48E4F900A8F2B4 /* Frameworks */ = {
			isa = PBXFrameworksBuildPhase;
			buildActionMask = 2147483647;
			files = (
				C07ACE4A90DC5488A4CF5632 /* Pods_Lupa_LupaUITests.framework in Frameworks */,
			);
			runOnlyForDeploymentPostprocessing = 0;
		};
/* End PBXFrameworksBuildPhase section */

/* Begin PBXGroup section */
		30DB1909FDAE5F5FF6FAFBC9 /* Frameworks */ = {
			isa = PBXGroup;
			children = (
				46CFC1FDD31F36E1D1161C97 /* Pods_Lupa.framework */,
				EAD1F2C9659C81585845ED25 /* Pods_Lupa_LupaUITests.framework */,
				BCD79BB56A3D7132FBEF73EB /* Pods_LupaTests.framework */,
			);
			name = Frameworks;
			sourceTree = "<group>";
		};
		69573179E29A0EDCFCDC447C /* Pods */ = {
			isa = PBXGroup;
			children = (
				FD80BCEEB9B302134D615CFA /* Pods-Lupa.debug.xcconfig */,
				0386E8E3D95D5A50D3B52CDB /* Pods-Lupa.release.xcconfig */,
				EFBC1B3BA40D9B998F04717D /* Pods-Lupa-LupaUITests.debug.xcconfig */,
				D8EDF860FF338C67E3B29CD4 /* Pods-Lupa-LupaUITests.release.xcconfig */,
				492842F3C9F7B293EE023709 /* Pods-LupaTests.debug.xcconfig */,
				5207EB9512705EB41AF79FCD /* Pods-LupaTests.release.xcconfig */,
			);
			path = Pods;
			sourceTree = "<group>";
		};
		E81EAF3A2B45AD5A0041315F /* Networking */ = {
			isa = PBXGroup;
			children = (
				E81EAF442B45AF1C0041315F /* ApiResponse.swift */,
				E81EAF432B45AF1B0041315F /* AppError.swift */,
				E81EAF452B45AF1C0041315F /* Method.swift */,
				E81EAF462B45AF1C0041315F /* NetworkService.swift */,
				E81EAF472B45AF1C0041315F /* Route.swift */,
			);
			path = Networking;
			sourceTree = "<group>";
		};
		E8C9180A2B45B2CF0096B889 /* Views2 */ = {
			isa = PBXGroup;
			children = (
				E8C918112B45B2FC0096B889 /* Onboarding */,
				E8C918102B45B2F60096B889 /* ListOrders */,
				E8C9180F2B45B2F00096B889 /* ListDishes */,
				E8C9180E2B45B2E70096B889 /* Home */,
				E8C9180B2B45B2DB0096B889 /* DishDetail */,
			);
			path = Views2;
			sourceTree = "<group>";
		};
		E8C9180B2B45B2DB0096B889 /* DishDetail */ = {
			isa = PBXGroup;
			children = (
				E8C9180C2B45B2E30096B889 /* DishDetailViewController.swift */,
			);
			path = DishDetail;
			sourceTree = "<group>";
		};
		E8C9180E2B45B2E70096B889 /* Home */ = {
			isa = PBXGroup;
			children = (
				E8C918122B45B3050096B889 /* HomeViewController.swift */,
			);
			path = Home;
			sourceTree = "<group>";
		};
		E8C9180F2B45B2F00096B889 /* ListDishes */ = {
			isa = PBXGroup;
			children = (
				E8C918142B45B30A0096B889 /* ListDishesViewController.swift */,
			);
			path = ListDishes;
			sourceTree = "<group>";
		};
		E8C918102B45B2F60096B889 /* ListOrders */ = {
			isa = PBXGroup;
			children = (
				E8C918162B45B3110096B889 /* ListOrdersViewController.swift */,
			);
			path = ListOrders;
			sourceTree = "<group>";
		};
		E8C918112B45B2FC0096B889 /* Onboarding */ = {
			isa = PBXGroup;
			children = (
				E8C918182B45B31A0096B889 /* OnboardingCollectionViewCell.swift */,
				E8C918192B45B31A0096B889 /* OnboardingViewController.swift */,
			);
			path = Onboarding;
			sourceTree = "<group>";
		};
		E8C918222B45B3F40096B889 /* CustomViews2 */ = {
			isa = PBXGroup;
			children = (
				E8C918382B45B4970096B889 /* TableViewCell */,
				E8C918282B45B4600096B889 /* CollectionViewCells */,
				E8C918252B45B4560096B889 /* CardView */,
			);
			path = CustomViews2;
			sourceTree = "<group>";
		};
		E8C918252B45B4560096B889 /* CardView */ = {
			isa = PBXGroup;
			children = (
				E8C918262B45B45C0096B889 /* CardView.swift */,
			);
			path = CardView;
			sourceTree = "<group>";
		};
		E8C918282B45B4600096B889 /* CollectionViewCells */ = {
			isa = PBXGroup;
			children = (
				E8C9182B2B45B4780096B889 /* DishPotrait */,
				E8C9182A2B45B4700096B889 /* DishLandScape */,
				E8C918292B45B4680096B889 /* CategoryCollectionViewCells */,
			);
			path = CollectionViewCells;
			sourceTree = "<group>";
		};
		E8C918292B45B4680096B889 /* CategoryCollectionViewCells */ = {
			isa = PBXGroup;
			children = (
				E8C9182C2B45B4840096B889 /* CategoryCollectionViewCell.swift */,
				E8C9182D2B45B4840096B889 /* CategoryCollectionViewCell.xib */,
			);
			path = CategoryCollectionViewCells;
			sourceTree = "<group>";
		};
		E8C9182A2B45B4700096B889 /* DishLandScape */ = {
			isa = PBXGroup;
			children = (
				E8C918312B45B4890096B889 /* DIshLandscapeCollectionViewCell.swift */,
				E8C918302B45B4890096B889 /* DIshLandscapeCollectionViewCell.xib */,
			);
			path = DishLandScape;
			sourceTree = "<group>";
		};
		E8C9182B2B45B4780096B889 /* DishPotrait */ = {
			isa = PBXGroup;
			children = (
				E8C918342B45B48E0096B889 /* DishPortraitCollectionViewCell.swift */,
				E8C918352B45B48E0096B889 /* DishPortraitCollectionViewCell.xib */,
			);
			path = DishPotrait;
			sourceTree = "<group>";
		};
		E8C918382B45B4970096B889 /* TableViewCell */ = {
			isa = PBXGroup;
			children = (
				E8C918392B45B49F0096B889 /* DishListTableViewCell */,
			);
			path = TableViewCell;
			sourceTree = "<group>";
		};
		E8C918392B45B49F0096B889 /* DishListTableViewCell */ = {
			isa = PBXGroup;
			children = (
				E8C9183B2B45B4B00096B889 /* DishListTableViewCell.swift */,
				E8C9183A2B45B4B00096B889 /* DishListTableViewCell.xib */,
			);
			path = DishListTableViewCell;
			sourceTree = "<group>";
		};
		E8C9F30D2A48E4F700A8F2B4 = {
			isa = PBXGroup;
			children = (
				E8C9F3182A48E4F700A8F2B4 /* Lupa */,
				E8C9F32F2A48E4F900A8F2B4 /* LupaTests */,
				E8C9F3392A48E4F900A8F2B4 /* LupaUITests */,
				E8C9F3172A48E4F700A8F2B4 /* Products */,
				69573179E29A0EDCFCDC447C /* Pods */,
				30DB1909FDAE5F5FF6FAFBC9 /* Frameworks */,
			);
			sourceTree = "<group>";
		};
		E8C9F3172A48E4F700A8F2B4 /* Products */ = {
			isa = PBXGroup;
			children = (
				E8C9F3162A48E4F700A8F2B4 /* Lupa.app */,
				E8C9F32C2A48E4F900A8F2B4 /* LupaTests.xctest */,
				E8C9F3362A48E4F900A8F2B4 /* LupaUITests.xctest */,
			);
			name = Products;
			sourceTree = "<group>";
		};
		E8C9F3182A48E4F700A8F2B4 /* Lupa */ = {
			isa = PBXGroup;
			children = (
				E8C918222B45B3F40096B889 /* CustomViews2 */,
				E8C9180A2B45B2CF0096B889 /* Views2 */,
				E81EAF3A2B45AD5A0041315F /* Networking */,
				E8C9F34F2A48EB4400A8F2B4 /* Extensions */,
				E8C9F3492A48E82200A8F2B4 /* Models */,
				E81EAF602B45AFAB0041315F /* LaunchScreen.storyboard */,
				E81EAF632B45AFC30041315F /* AppDelegate.swift */,
				E81EAF642B45AFC30041315F /* SceneDelegate.swift */,
				E81EAF5F2B45AFAB0041315F /* Main.storyboard */,
				E8C9F3222A48E4F900A8F2B4 /* Assets.xcassets */,
			);
			path = Lupa;
			sourceTree = "<group>";
		};
		E8C9F32F2A48E4F900A8F2B4 /* LupaTests */ = {
			isa = PBXGroup;
			children = (
				E8C9F3302A48E4F900A8F2B4 /* LupaTests.swift */,
			);
			path = LupaTests;
			sourceTree = "<group>";
		};
		E8C9F3392A48E4F900A8F2B4 /* LupaUITests */ = {
			isa = PBXGroup;
			children = (
				E8C9F33A2A48E4F900A8F2B4 /* LupaUITests.swift */,
				E8C9F33C2A48E4F900A8F2B4 /* LupaUITestsLaunchTests.swift */,
			);
			path = LupaUITests;
			sourceTree = "<group>";
		};
		E8C9F3492A48E82200A8F2B4 /* Models */ = {
			isa = PBXGroup;
			children = (
				E81EAF512B45AF340041315F /* AllDishes.swift */,
				E81EAF502B45AF340041315F /* Dish.swift */,
				E81EAF522B45AF340041315F /* DishCategory.swift */,
				E81EAF532B45AF340041315F /* OnboaringSlide.swift */,
				E81EAF4F2B45AF340041315F /* Order.swift */,
			);
			path = Models;
			sourceTree = "<group>";
		};
		E8C9F34F2A48EB4400A8F2B4 /* Extensions */ = {
			isa = PBXGroup;
			children = (
				E81EAF3D2B45AF0A0041315F /* String+Extension.swift */,
				E81EAF3B2B45AF0A0041315F /* UIView+Extension.swift */,
				E81EAF3C2B45AF0A0041315F /* UIViewController+Extension.swift */,
				E81EAF3E2B45AF0A0041315F /* UserDefaults+Extension.swift */,
			);
			path = Extensions;
			sourceTree = "<group>";
		};
/* End PBXGroup section */

/* Begin PBXNativeTarget section */
		E8C9F3152A48E4F700A8F2B4 /* Lupa */ = {
			isa = PBXNativeTarget;
			buildConfigurationList = E8C9F3402A48E4F900A8F2B4 /* Build configuration list for PBXNativeTarget "Lupa" */;
			buildPhases = (
				19818C4295BA100799730BDA /* [CP] Check Pods Manifest.lock */,
				E8C9F3122A48E4F700A8F2B4 /* Sources */,
				E8C9F3132A48E4F700A8F2B4 /* Frameworks */,
				E8C9F3142A48E4F700A8F2B4 /* Resources */,
				F0BB292794175CFB44FF4C44 /* [CP] Embed Pods Frameworks */,
			);
			buildRules = (
			);
			dependencies = (
			);
			name = Lupa;
			packageProductDependencies = (
				E81EAF6C2B45B18A0041315F /* IQKeyboardManagerSwift */,
				E8C9181D2B45B35F0096B889 /* ProgressHUD */,
				E8C918202B45B3BD0096B889 /* Kingfisher */,
			);
			productName = Lupa;
			productReference = E8C9F3162A48E4F700A8F2B4 /* Lupa.app */;
			productType = "com.apple.product-type.application";
		};
		E8C9F32B2A48E4F900A8F2B4 /* LupaTests */ = {
			isa = PBXNativeTarget;
			buildConfigurationList = E8C9F3432A48E4F900A8F2B4 /* Build configuration list for PBXNativeTarget "LupaTests" */;
			buildPhases = (
				938E6C33BAE0A344FC742D12 /* [CP] Check Pods Manifest.lock */,
				E8C9F3282A48E4F900A8F2B4 /* Sources */,
				E8C9F3292A48E4F900A8F2B4 /* Frameworks */,
				E8C9F32A2A48E4F900A8F2B4 /* Resources */,
			);
			buildRules = (
			);
			dependencies = (
				E8C9F32E2A48E4F900A8F2B4 /* PBXTargetDependency */,
			);
			name = LupaTests;
			productName = LupaTests;
			productReference = E8C9F32C2A48E4F900A8F2B4 /* LupaTests.xctest */;
			productType = "com.apple.product-type.bundle.unit-test";
		};
		E8C9F3352A48E4F900A8F2B4 /* LupaUITests */ = {
			isa = PBXNativeTarget;
			buildConfigurationList = E8C9F3462A48E4F900A8F2B4 /* Build configuration list for PBXNativeTarget "LupaUITests" */;
			buildPhases = (
				5F173031838EB33EF686FFD8 /* [CP] Check Pods Manifest.lock */,
				E8C9F3322A48E4F900A8F2B4 /* Sources */,
				E8C9F3332A48E4F900A8F2B4 /* Frameworks */,
				E8C9F3342A48E4F900A8F2B4 /* Resources */,
				EA91CCF079AD786A3446A1E9 /* [CP] Embed Pods Frameworks */,
			);
			buildRules = (
			);
			dependencies = (
				E8C9F3382A48E4F900A8F2B4 /* PBXTargetDependency */,
			);
			name = LupaUITests;
			productName = LupaUITests;
			productReference = E8C9F3362A48E4F900A8F2B4 /* LupaUITests.xctest */;
			productType = "com.apple.product-type.bundle.ui-testing";
		};
/* End PBXNativeTarget section */

/* Begin PBXProject section */
		E8C9F30E2A48E4F700A8F2B4 /* Project object */ = {
			isa = PBXProject;
			attributes = {
				BuildIndependentTargetsInParallel = 1;
				LastSwiftUpdateCheck = 1430;
				LastUpgradeCheck = 1430;
				TargetAttributes = {
					E8C9F3152A48E4F700A8F2B4 = {
						CreatedOnToolsVersion = 14.3.1;
					};
					E8C9F32B2A48E4F900A8F2B4 = {
						CreatedOnToolsVersion = 14.3.1;
						TestTargetID = E8C9F3152A48E4F700A8F2B4;
					};
					E8C9F3352A48E4F900A8F2B4 = {
						CreatedOnToolsVersion = 14.3.1;
						TestTargetID = E8C9F3152A48E4F700A8F2B4;
					};
				};
			};
			buildConfigurationList = E8C9F3112A48E4F700A8F2B4 /* Build configuration list for PBXProject "Lupa" */;
			compatibilityVersion = "Xcode 14.0";
			developmentRegion = en;
			hasScannedForEncodings = 0;
			knownRegions = (
				en,
				Base,
			);
			mainGroup = E8C9F30D2A48E4F700A8F2B4;
			packageReferences = (
				E81EAF6B2B45B1890041315F /* XCRemoteSwiftPackageReference "IQKeyboardManager" */,
				E8C9181C2B45B35F0096B889 /* XCRemoteSwiftPackageReference "ProgressHUD" */,
				E8C9181F2B45B3BD0096B889 /* XCRemoteSwiftPackageReference "Kingfisher" */,
			);
			productRefGroup = E8C9F3172A48E4F700A8F2B4 /* Products */;
			projectDirPath = "";
			projectRoot = "";
			targets = (
				E8C9F3152A48E4F700A8F2B4 /* Lupa */,
				E8C9F32B2A48E4F900A8F2B4 /* LupaTests */,
				E8C9F3352A48E4F900A8F2B4 /* LupaUITests */,
			);
		};
/* End PBXProject section */

/* Begin PBXResourcesBuildPhase section */
		E8C9F3142A48E4F700A8F2B4 /* Resources */ = {
			isa = PBXResourcesBuildPhase;
			buildActionMask = 2147483647;
			files = (
				E8C918322B45B4890096B889 /* DIshLandscapeCollectionViewCell.xib in Resources */,
				E8C9183C2B45B4B00096B889 /* DishListTableViewCell.xib in Resources */,
				E8C918372B45B48E0096B889 /* DishPortraitCollectionViewCell.xib in Resources */,
				E8C9182F2B45B4840096B889 /* CategoryCollectionViewCell.xib in Resources */,
				E8C9F3232A48E4F900A8F2B4 /* Assets.xcassets in Resources */,
				E81EAF612B45AFAB0041315F /* Main.storyboard in Resources */,
				E81EAF622B45AFAB0041315F /* LaunchScreen.storyboard in Resources */,
			);
			runOnlyForDeploymentPostprocessing = 0;
		};
		E8C9F32A2A48E4F900A8F2B4 /* Resources */ = {
			isa = PBXResourcesBuildPhase;
			buildActionMask = 2147483647;
			files = (
			);
			runOnlyForDeploymentPostprocessing = 0;
		};
		E8C9F3342A48E4F900A8F2B4 /* Resources */ = {
			isa = PBXResourcesBuildPhase;
			buildActionMask = 2147483647;
			files = (
			);
			runOnlyForDeploymentPostprocessing = 0;
		};
/* End PBXResourcesBuildPhase section */

/* Begin PBXShellScriptBuildPhase section */
		19818C4295BA100799730BDA /* [CP] Check Pods Manifest.lock */ = {
			isa = PBXShellScriptBuildPhase;
			buildActionMask = 2147483647;
			files = (
			);
			inputFileListPaths = (
			);
			inputPaths = (
				"${PODS_PODFILE_DIR_PATH}/Podfile.lock",
				"${PODS_ROOT}/Manifest.lock",
			);
			name = "[CP] Check Pods Manifest.lock";
			outputFileListPaths = (
			);
			outputPaths = (
				"$(DERIVED_FILE_DIR)/Pods-Lupa-checkManifestLockResult.txt",
			);
			runOnlyForDeploymentPostprocessing = 0;
			shellPath = /bin/sh;
			shellScript = "diff \"${PODS_PODFILE_DIR_PATH}/Podfile.lock\" \"${PODS_ROOT}/Manifest.lock\" > /dev/null\nif [ $? != 0 ] ; then\n    # print error to STDERR\n    echo \"error: The sandbox is not in sync with the Podfile.lock. Run 'pod install' or update your CocoaPods installation.\" >&2\n    exit 1\nfi\n# This output is used by Xcode 'outputs' to avoid re-running this script phase.\necho \"SUCCESS\" > \"${SCRIPT_OUTPUT_FILE_0}\"\n";
			showEnvVarsInLog = 0;
		};
		5F173031838EB33EF686FFD8 /* [CP] Check Pods Manifest.lock */ = {
			isa = PBXShellScriptBuildPhase;
			buildActionMask = 2147483647;
			files = (
			);
			inputFileListPaths = (
			);
			inputPaths = (
				"${PODS_PODFILE_DIR_PATH}/Podfile.lock",
				"${PODS_ROOT}/Manifest.lock",
			);
			name = "[CP] Check Pods Manifest.lock";
			outputFileListPaths = (
			);
			outputPaths = (
				"$(DERIVED_FILE_DIR)/Pods-Lupa-LupaUITests-checkManifestLockResult.txt",
			);
			runOnlyForDeploymentPostprocessing = 0;
			shellPath = /bin/sh;
			shellScript = "diff \"${PODS_PODFILE_DIR_PATH}/Podfile.lock\" \"${PODS_ROOT}/Manifest.lock\" > /dev/null\nif [ $? != 0 ] ; then\n    # print error to STDERR\n    echo \"error: The sandbox is not in sync with the Podfile.lock. Run 'pod install' or update your CocoaPods installation.\" >&2\n    exit 1\nfi\n# This output is used by Xcode 'outputs' to avoid re-running this script phase.\necho \"SUCCESS\" > \"${SCRIPT_OUTPUT_FILE_0}\"\n";
			showEnvVarsInLog = 0;
		};
		938E6C33BAE0A344FC742D12 /* [CP] Check Pods Manifest.lock */ = {
			isa = PBXShellScriptBuildPhase;
			buildActionMask = 2147483647;
			files = (
			);
			inputFileListPaths = (
			);
			inputPaths = (
				"${PODS_PODFILE_DIR_PATH}/Podfile.lock",
				"${PODS_ROOT}/Manifest.lock",
			);
			name = "[CP] Check Pods Manifest.lock";
			outputFileListPaths = (
			);
			outputPaths = (
				"$(DERIVED_FILE_DIR)/Pods-LupaTests-checkManifestLockResult.txt",
			);
			runOnlyForDeploymentPostprocessing = 0;
			shellPath = /bin/sh;
			shellScript = "diff \"${PODS_PODFILE_DIR_PATH}/Podfile.lock\" \"${PODS_ROOT}/Manifest.lock\" > /dev/null\nif [ $? != 0 ] ; then\n    # print error to STDERR\n    echo \"error: The sandbox is not in sync with the Podfile.lock. Run 'pod install' or update your CocoaPods installation.\" >&2\n    exit 1\nfi\n# This output is used by Xcode 'outputs' to avoid re-running this script phase.\necho \"SUCCESS\" > \"${SCRIPT_OUTPUT_FILE_0}\"\n";
			showEnvVarsInLog = 0;
		};
		EA91CCF079AD786A3446A1E9 /* [CP] Embed Pods Frameworks */ = {
			isa = PBXShellScriptBuildPhase;
			buildActionMask = 2147483647;
			files = (
			);
			inputFileListPaths = (
				"${PODS_ROOT}/Target Support Files/Pods-Lupa-LupaUITests/Pods-Lupa-LupaUITests-frameworks-${CONFIGURATION}-input-files.xcfilelist",
			);
			name = "[CP] Embed Pods Frameworks";
			outputFileListPaths = (
				"${PODS_ROOT}/Target Support Files/Pods-Lupa-LupaUITests/Pods-Lupa-LupaUITests-frameworks-${CONFIGURATION}-output-files.xcfilelist",
			);
			runOnlyForDeploymentPostprocessing = 0;
			shellPath = /bin/sh;
			shellScript = "\"${PODS_ROOT}/Target Support Files/Pods-Lupa-LupaUITests/Pods-Lupa-LupaUITests-frameworks.sh\"\n";
			showEnvVarsInLog = 0;
		};
		F0BB292794175CFB44FF4C44 /* [CP] Embed Pods Frameworks */ = {
			isa = PBXShellScriptBuildPhase;
			buildActionMask = 2147483647;
			files = (
			);
			inputFileListPaths = (
				"${PODS_ROOT}/Target Support Files/Pods-Lupa/Pods-Lupa-frameworks-${CONFIGURATION}-input-files.xcfilelist",
			);
			name = "[CP] Embed Pods Frameworks";
			outputFileListPaths = (
				"${PODS_ROOT}/Target Support Files/Pods-Lupa/Pods-Lupa-frameworks-${CONFIGURATION}-output-files.xcfilelist",
			);
			runOnlyForDeploymentPostprocessing = 0;
			shellPath = /bin/sh;
			shellScript = "\"${PODS_ROOT}/Target Support Files/Pods-Lupa/Pods-Lupa-frameworks.sh\"\n";
			showEnvVarsInLog = 0;
		};
/* End PBXShellScriptBuildPhase section */

/* Begin PBXSourcesBuildPhase section */
		E8C9F3122A48E4F700A8F2B4 /* Sources */ = {
			isa = PBXSourcesBuildPhase;
			buildActionMask = 2147483647;
			files = (
				E8C918152B45B30B0096B889 /* ListDishesViewController.swift in Sources */,
				E81EAF402B45AF0A0041315F /* UIViewController+Extension.swift in Sources */,
				E81EAF562B45AF340041315F /* AllDishes.swift in Sources */,
				E81EAF492B45AF1C0041315F /* ApiResponse.swift in Sources */,
				E81EAF652B45AFC30041315F /* AppDelegate.swift in Sources */,
				E8C9181A2B45B31A0096B889 /* OnboardingCollectionViewCell.swift in Sources */,
				E81EAF4B2B45AF1C0041315F /* NetworkService.swift in Sources */,
				E8C918132B45B3050096B889 /* HomeViewController.swift in Sources */,
				E8C918172B45B3110096B889 /* ListOrdersViewController.swift in Sources */,
				E8C9181B2B45B31A0096B889 /* OnboardingViewController.swift in Sources */,
				E81EAF542B45AF340041315F /* Order.swift in Sources */,
				E81EAF412B45AF0A0041315F /* String+Extension.swift in Sources */,
				E81EAF662B45AFC30041315F /* SceneDelegate.swift in Sources */,
				E8C9180D2B45B2E30096B889 /* DishDetailViewController.swift in Sources */,
				E8C9183D2B45B4B00096B889 /* DishListTableViewCell.swift in Sources */,
				E81EAF482B45AF1C0041315F /* AppError.swift in Sources */,
				E8C918332B45B4890096B889 /* DIshLandscapeCollectionViewCell.swift in Sources */,
				E81EAF572B45AF340041315F /* DishCategory.swift in Sources */,
				E8C9182E2B45B4840096B889 /* CategoryCollectionViewCell.swift in Sources */,
				E81EAF4C2B45AF1C0041315F /* Route.swift in Sources */,
				E8C918362B45B48E0096B889 /* DishPortraitCollectionViewCell.swift in Sources */,
				E81EAF4A2B45AF1C0041315F /* Method.swift in Sources */,
				E8C918272B45B45C0096B889 /* CardView.swift in Sources */,
				E81EAF422B45AF0A0041315F /* UserDefaults+Extension.swift in Sources */,
				E81EAF552B45AF340041315F /* Dish.swift in Sources */,
				E81EAF3F2B45AF0A0041315F /* UIView+Extension.swift in Sources */,
				E81EAF582B45AF340041315F /* OnboaringSlide.swift in Sources */,
			);
			runOnlyForDeploymentPostprocessing = 0;
		};
		E8C9F3282A48E4F900A8F2B4 /* Sources */ = {
			isa = PBXSourcesBuildPhase;
			buildActionMask = 2147483647;
			files = (
				E8C9F3312A48E4F900A8F2B4 /* LupaTests.swift in Sources */,
			);
			runOnlyForDeploymentPostprocessing = 0;
		};
		E8C9F3322A48E4F900A8F2B4 /* Sources */ = {
			isa = PBXSourcesBuildPhase;
			buildActionMask = 2147483647;
			files = (
				E8C9F33D2A48E4F900A8F2B4 /* LupaUITestsLaunchTests.swift in Sources */,
				E8C9F33B2A48E4F900A8F2B4 /* LupaUITests.swift in Sources */,
			);
			runOnlyForDeploymentPostprocessing = 0;
		};
/* End PBXSourcesBuildPhase section */

/* Begin PBXTargetDependency section */
		E8C9F32E2A48E4F900A8F2B4 /* PBXTargetDependency */ = {
			isa = PBXTargetDependency;
			target = E8C9F3152A48E4F700A8F2B4 /* Lupa */;
			targetProxy = E8C9F32D2A48E4F900A8F2B4 /* PBXContainerItemProxy */;
		};
		E8C9F3382A48E4F900A8F2B4 /* PBXTargetDependency */ = {
			isa = PBXTargetDependency;
			target = E8C9F3152A48E4F700A8F2B4 /* Lupa */;
			targetProxy = E8C9F3372A48E4F900A8F2B4 /* PBXContainerItemProxy */;
		};
/* End PBXTargetDependency section */

/* Begin XCBuildConfiguration section */
		E8C9F33E2A48E4F900A8F2B4 /* Debug */ = {
			isa = XCBuildConfiguration;
			buildSettings = {
				ALWAYS_SEARCH_USER_PATHS = NO;
				CLANG_ANALYZER_NONNULL = YES;
				CLANG_ANALYZER_NUMBER_OBJECT_CONVERSION = YES_AGGRESSIVE;
				CLANG_CXX_LANGUAGE_STANDARD = "gnu++20";
				CLANG_ENABLE_MODULES = YES;
				CLANG_ENABLE_OBJC_ARC = YES;
				CLANG_ENABLE_OBJC_WEAK = YES;
				CLANG_WARN_BLOCK_CAPTURE_AUTORELEASING = YES;
				CLANG_WARN_BOOL_CONVERSION = YES;
				CLANG_WARN_COMMA = YES;
				CLANG_WARN_CONSTANT_CONVERSION = YES;
				CLANG_WARN_DEPRECATED_OBJC_IMPLEMENTATIONS = YES;
				CLANG_WARN_DIRECT_OBJC_ISA_USAGE = YES_ERROR;
				CLANG_WARN_DOCUMENTATION_COMMENTS = YES;
				CLANG_WARN_EMPTY_BODY = YES;
				CLANG_WARN_ENUM_CONVERSION = YES;
				CLANG_WARN_INFINITE_RECURSION = YES;
				CLANG_WARN_INT_CONVERSION = YES;
				CLANG_WARN_NON_LITERAL_NULL_CONVERSION = YES;
				CLANG_WARN_OBJC_IMPLICIT_RETAIN_SELF = YES;
				CLANG_WARN_OBJC_LITERAL_CONVERSION = YES;
				CLANG_WARN_OBJC_ROOT_CLASS = YES_ERROR;
				CLANG_WARN_QUOTED_INCLUDE_IN_FRAMEWORK_HEADER = YES;
				CLANG_WARN_RANGE_LOOP_ANALYSIS = YES;
				CLANG_WARN_STRICT_PROTOTYPES = YES;
				CLANG_WARN_SUSPICIOUS_MOVE = YES;
				CLANG_WARN_UNGUARDED_AVAILABILITY = YES_AGGRESSIVE;
				CLANG_WARN_UNREACHABLE_CODE = YES;
				CLANG_WARN__DUPLICATE_METHOD_MATCH = YES;
				COPY_PHASE_STRIP = NO;
				DEBUG_INFORMATION_FORMAT = dwarf;
				ENABLE_STRICT_OBJC_MSGSEND = YES;
				ENABLE_TESTABILITY = YES;
				GCC_C_LANGUAGE_STANDARD = gnu11;
				GCC_DYNAMIC_NO_PIC = NO;
				GCC_NO_COMMON_BLOCKS = YES;
				GCC_OPTIMIZATION_LEVEL = 0;
				GCC_PREPROCESSOR_DEFINITIONS = (
					"DEBUG=1",
					"$(inherited)",
				);
				GCC_WARN_64_TO_32_BIT_CONVERSION = YES;
				GCC_WARN_ABOUT_RETURN_TYPE = YES_ERROR;
				GCC_WARN_UNDECLARED_SELECTOR = YES;
				GCC_WARN_UNINITIALIZED_AUTOS = YES_AGGRESSIVE;
				GCC_WARN_UNUSED_FUNCTION = YES;
				GCC_WARN_UNUSED_VARIABLE = YES;
				IPHONEOS_DEPLOYMENT_TARGET = 16.4;
				MTL_ENABLE_DEBUG_INFO = INCLUDE_SOURCE;
				MTL_FAST_MATH = YES;
				ONLY_ACTIVE_ARCH = YES;
				SDKROOT = iphoneos;
				SWIFT_ACTIVE_COMPILATION_CONDITIONS = DEBUG;
				SWIFT_OPTIMIZATION_LEVEL = "-Onone";
			};
			name = Debug;
		};
		E8C9F33F2A48E4F900A8F2B4 /* Release */ = {
			isa = XCBuildConfiguration;
			buildSettings = {
				ALWAYS_SEARCH_USER_PATHS = NO;
				CLANG_ANALYZER_NONNULL = YES;
				CLANG_ANALYZER_NUMBER_OBJECT_CONVERSION = YES_AGGRESSIVE;
				CLANG_CXX_LANGUAGE_STANDARD = "gnu++20";
				CLANG_ENABLE_MODULES = YES;
				CLANG_ENABLE_OBJC_ARC = YES;
				CLANG_ENABLE_OBJC_WEAK = YES;
				CLANG_WARN_BLOCK_CAPTURE_AUTORELEASING = YES;
				CLANG_WARN_BOOL_CONVERSION = YES;
				CLANG_WARN_COMMA = YES;
				CLANG_WARN_CONSTANT_CONVERSION = YES;
				CLANG_WARN_DEPRECATED_OBJC_IMPLEMENTATIONS = YES;
				CLANG_WARN_DIRECT_OBJC_ISA_USAGE = YES_ERROR;
				CLANG_WARN_DOCUMENTATION_COMMENTS = YES;
				CLANG_WARN_EMPTY_BODY = YES;
				CLANG_WARN_ENUM_CONVERSION = YES;
				CLANG_WARN_INFINITE_RECURSION = YES;
				CLANG_WARN_INT_CONVERSION = YES;
				CLANG_WARN_NON_LITERAL_NULL_CONVERSION = YES;
				CLANG_WARN_OBJC_IMPLICIT_RETAIN_SELF = YES;
				CLANG_WARN_OBJC_LITERAL_CONVERSION = YES;
				CLANG_WARN_OBJC_ROOT_CLASS = YES_ERROR;
				CLANG_WARN_QUOTED_INCLUDE_IN_FRAMEWORK_HEADER = YES;
				CLANG_WARN_RANGE_LOOP_ANALYSIS = YES;
				CLANG_WARN_STRICT_PROTOTYPES = YES;
				CLANG_WARN_SUSPICIOUS_MOVE = YES;
				CLANG_WARN_UNGUARDED_AVAILABILITY = YES_AGGRESSIVE;
				CLANG_WARN_UNREACHABLE_CODE = YES;
				CLANG_WARN__DUPLICATE_METHOD_MATCH = YES;
				COPY_PHASE_STRIP = NO;
				DEBUG_INFORMATION_FORMAT = "dwarf-with-dsym";
				ENABLE_NS_ASSERTIONS = NO;
				ENABLE_STRICT_OBJC_MSGSEND = YES;
				GCC_C_LANGUAGE_STANDARD = gnu11;
				GCC_NO_COMMON_BLOCKS = YES;
				GCC_WARN_64_TO_32_BIT_CONVERSION = YES;
				GCC_WARN_ABOUT_RETURN_TYPE = YES_ERROR;
				GCC_WARN_UNDECLARED_SELECTOR = YES;
				GCC_WARN_UNINITIALIZED_AUTOS = YES_AGGRESSIVE;
				GCC_WARN_UNUSED_FUNCTION = YES;
				GCC_WARN_UNUSED_VARIABLE = YES;
				IPHONEOS_DEPLOYMENT_TARGET = 16.4;
				MTL_ENABLE_DEBUG_INFO = NO;
				MTL_FAST_MATH = YES;
				SDKROOT = iphoneos;
				SWIFT_COMPILATION_MODE = wholemodule;
				SWIFT_OPTIMIZATION_LEVEL = "-O";
				VALIDATE_PRODUCT = YES;
			};
			name = Release;
		};
		E8C9F3412A48E4F900A8F2B4 /* Debug */ = {
			isa = XCBuildConfiguration;
			baseConfigurationReference = FD80BCEEB9B302134D615CFA /* Pods-Lupa.debug.xcconfig */;
			buildSettings = {
				ASSETCATALOG_COMPILER_APPICON_NAME = AppIcon;
				ASSETCATALOG_COMPILER_GLOBAL_ACCENT_COLOR_NAME = AccentColor;
				CODE_SIGN_STYLE = Automatic;
				CURRENT_PROJECT_VERSION = 1;
				GENERATE_INFOPLIST_FILE = YES;
				INFOPLIST_FILE = Lupa/Info.plist;
				INFOPLIST_KEY_UIApplicationSupportsIndirectInputEvents = YES;
				INFOPLIST_KEY_UILaunchStoryboardName = LaunchScreen;
				INFOPLIST_KEY_UIMainStoryboardFile = Main;
				INFOPLIST_KEY_UISupportedInterfaceOrientations_iPad = "UIInterfaceOrientationPortrait UIInterfaceOrientationPortraitUpsideDown UIInterfaceOrientationLandscapeLeft UIInterfaceOrientationLandscapeRight";
				INFOPLIST_KEY_UISupportedInterfaceOrientations_iPhone = "UIInterfaceOrientationPortrait UIInterfaceOrientationLandscapeLeft UIInterfaceOrientationLandscapeRight";
				LD_RUNPATH_SEARCH_PATHS = (
					"$(inherited)",
					"@executable_path/Frameworks",
				);
				MARKETING_VERSION = 1.0;
				PRODUCT_BUNDLE_IDENTIFIER = l.Lupa;
				PRODUCT_NAME = "$(TARGET_NAME)";
				SWIFT_EMIT_LOC_STRINGS = YES;
				SWIFT_VERSION = 5.0;
				TARGETED_DEVICE_FAMILY = "1,2";
			};
			name = Debug;
		};
		E8C9F3422A48E4F900A8F2B4 /* Release */ = {
			isa = XCBuildConfiguration;
			baseConfigurationReference = 0386E8E3D95D5A50D3B52CDB /* Pods-Lupa.release.xcconfig */;
			buildSettings = {
				ASSETCATALOG_COMPILER_APPICON_NAME = AppIcon;
				ASSETCATALOG_COMPILER_GLOBAL_ACCENT_COLOR_NAME = AccentColor;
				CODE_SIGN_STYLE = Automatic;
				CURRENT_PROJECT_VERSION = 1;
				GENERATE_INFOPLIST_FILE = YES;
				INFOPLIST_FILE = Lupa/Info.plist;
				INFOPLIST_KEY_UIApplicationSupportsIndirectInputEvents = YES;
				INFOPLIST_KEY_UILaunchStoryboardName = LaunchScreen;
				INFOPLIST_KEY_UIMainStoryboardFile = Main;
				INFOPLIST_KEY_UISupportedInterfaceOrientations_iPad = "UIInterfaceOrientationPortrait UIInterfaceOrientationPortraitUpsideDown UIInterfaceOrientationLandscapeLeft UIInterfaceOrientationLandscapeRight";
				INFOPLIST_KEY_UISupportedInterfaceOrientations_iPhone = "UIInterfaceOrientationPortrait UIInterfaceOrientationLandscapeLeft UIInterfaceOrientationLandscapeRight";
				LD_RUNPATH_SEARCH_PATHS = (
					"$(inherited)",
					"@executable_path/Frameworks",
				);
				MARKETING_VERSION = 1.0;
				PRODUCT_BUNDLE_IDENTIFIER = l.Lupa;
				PRODUCT_NAME = "$(TARGET_NAME)";
				SWIFT_EMIT_LOC_STRINGS = YES;
				SWIFT_VERSION = 5.0;
				TARGETED_DEVICE_FAMILY = "1,2";
			};
			name = Release;
		};
		E8C9F3442A48E4F900A8F2B4 /* Debug */ = {
			isa = XCBuildConfiguration;
			baseConfigurationReference = 492842F3C9F7B293EE023709 /* Pods-LupaTests.debug.xcconfig */;
			buildSettings = {
				ALWAYS_EMBED_SWIFT_STANDARD_LIBRARIES = YES;
				BUNDLE_LOADER = "$(TEST_HOST)";
				CODE_SIGN_STYLE = Automatic;
				CURRENT_PROJECT_VERSION = 1;
				GENERATE_INFOPLIST_FILE = YES;
				IPHONEOS_DEPLOYMENT_TARGET = 16.4;
				MARKETING_VERSION = 1.0;
				PRODUCT_BUNDLE_IDENTIFIER = l.LupaTests;
				PRODUCT_NAME = "$(TARGET_NAME)";
				SWIFT_EMIT_LOC_STRINGS = NO;
				SWIFT_VERSION = 5.0;
				TARGETED_DEVICE_FAMILY = "1,2";
				TEST_HOST = "$(BUILT_PRODUCTS_DIR)/Lupa.app/$(BUNDLE_EXECUTABLE_FOLDER_PATH)/Lupa";
			};
			name = Debug;
		};
		E8C9F3452A48E4F900A8F2B4 /* Release */ = {
			isa = XCBuildConfiguration;
			baseConfigurationReference = 5207EB9512705EB41AF79FCD /* Pods-LupaTests.release.xcconfig */;
			buildSettings = {
				ALWAYS_EMBED_SWIFT_STANDARD_LIBRARIES = YES;
				BUNDLE_LOADER = "$(TEST_HOST)";
				CODE_SIGN_STYLE = Automatic;
				CURRENT_PROJECT_VERSION = 1;
				GENERATE_INFOPLIST_FILE = YES;
				IPHONEOS_DEPLOYMENT_TARGET = 16.4;
				MARKETING_VERSION = 1.0;
				PRODUCT_BUNDLE_IDENTIFIER = l.LupaTests;
				PRODUCT_NAME = "$(TARGET_NAME)";
				SWIFT_EMIT_LOC_STRINGS = NO;
				SWIFT_VERSION = 5.0;
				TARGETED_DEVICE_FAMILY = "1,2";
				TEST_HOST = "$(BUILT_PRODUCTS_DIR)/Lupa.app/$(BUNDLE_EXECUTABLE_FOLDER_PATH)/Lupa";
			};
			name = Release;
		};
		E8C9F3472A48E4F900A8F2B4 /* Debug */ = {
			isa = XCBuildConfiguration;
			baseConfigurationReference = EFBC1B3BA40D9B998F04717D /* Pods-Lupa-LupaUITests.debug.xcconfig */;
			buildSettings = {
				ALWAYS_EMBED_SWIFT_STANDARD_LIBRARIES = YES;
				CODE_SIGN_STYLE = Automatic;
				CURRENT_PROJECT_VERSION = 1;
				GENERATE_INFOPLIST_FILE = YES;
				MARKETING_VERSION = 1.0;
				PRODUCT_BUNDLE_IDENTIFIER = l.LupaUITests;
				PRODUCT_NAME = "$(TARGET_NAME)";
				SWIFT_EMIT_LOC_STRINGS = NO;
				SWIFT_VERSION = 5.0;
				TARGETED_DEVICE_FAMILY = "1,2";
				TEST_TARGET_NAME = Lupa;
			};
			name = Debug;
		};
		E8C9F3482A48E4F900A8F2B4 /* Release */ = {
			isa = XCBuildConfiguration;
			baseConfigurationReference = D8EDF860FF338C67E3B29CD4 /* Pods-Lupa-LupaUITests.release.xcconfig */;
			buildSettings = {
				ALWAYS_EMBED_SWIFT_STANDARD_LIBRARIES = YES;
				CODE_SIGN_STYLE = Automatic;
				CURRENT_PROJECT_VERSION = 1;
				GENERATE_INFOPLIST_FILE = YES;
				MARKETING_VERSION = 1.0;
				PRODUCT_BUNDLE_IDENTIFIER = l.LupaUITests;
				PRODUCT_NAME = "$(TARGET_NAME)";
				SWIFT_EMIT_LOC_STRINGS = NO;
				SWIFT_VERSION = 5.0;
				TARGETED_DEVICE_FAMILY = "1,2";
				TEST_TARGET_NAME = Lupa;
			};
			name = Release;
		};
/* End XCBuildConfiguration section */

/* Begin XCConfigurationList section */
		E8C9F3112A48E4F700A8F2B4 /* Build configuration list for PBXProject "Lupa" */ = {
			isa = XCConfigurationList;
			buildConfigurations = (
				E8C9F33E2A48E4F900A8F2B4 /* Debug */,
				E8C9F33F2A48E4F900A8F2B4 /* Release */,
			);
			defaultConfigurationIsVisible = 0;
			defaultConfigurationName = Release;
		};
		E8C9F3402A48E4F900A8F2B4 /* Build configuration list for PBXNativeTarget "Lupa" */ = {
			isa = XCConfigurationList;
			buildConfigurations = (
				E8C9F3412A48E4F900A8F2B4 /* Debug */,
				E8C9F3422A48E4F900A8F2B4 /* Release */,
			);
			defaultConfigurationIsVisible = 0;
			defaultConfigurationName = Release;
		};
		E8C9F3432A48E4F900A8F2B4 /* Build configuration list for PBXNativeTarget "LupaTests" */ = {
			isa = XCConfigurationList;
			buildConfigurations = (
				E8C9F3442A48E4F900A8F2B4 /* Debug */,
				E8C9F3452A48E4F900A8F2B4 /* Release */,
			);
			defaultConfigurationIsVisible = 0;
			defaultConfigurationName = Release;
		};
		E8C9F3462A48E4F900A8F2B4 /* Build configuration list for PBXNativeTarget "LupaUITests" */ = {
			isa = XCConfigurationList;
			buildConfigurations = (
				E8C9F3472A48E4F900A8F2B4 /* Debug */,
				E8C9F3482A48E4F900A8F2B4 /* Release */,
			);
			defaultConfigurationIsVisible = 0;
			defaultConfigurationName = Release;
		};
/* End XCConfigurationList section */

/* Begin XCRemoteSwiftPackageReference section */
		E81EAF6B2B45B1890041315F /* XCRemoteSwiftPackageReference "IQKeyboardManager" */ = {
			isa = XCRemoteSwiftPackageReference;
			repositoryURL = "https://github.com/hackiftekhar/IQKeyboardManager.git";
			requirement = {
				kind = upToNextMajorVersion;
				minimumVersion = 6.5.16;
			};
		};
		E8C9181C2B45B35F0096B889 /* XCRemoteSwiftPackageReference "ProgressHUD" */ = {
			isa = XCRemoteSwiftPackageReference;
			repositoryURL = "https://github.com/relatedcode/ProgressHUD.git";
			requirement = {
				kind = upToNextMajorVersion;
				minimumVersion = 14.1.0;
			};
		};
		E8C9181F2B45B3BD0096B889 /* XCRemoteSwiftPackageReference "Kingfisher" */ = {
			isa = XCRemoteSwiftPackageReference;
			repositoryURL = "https://github.com/onevcat/Kingfisher.git";
			requirement = {
				kind = upToNextMajorVersion;
				minimumVersion = 7.10.1;
			};
		};
/* End XCRemoteSwiftPackageReference section */

/* Begin XCSwiftPackageProductDependency section */
		E81EAF6C2B45B18A0041315F /* IQKeyboardManagerSwift */ = {
			isa = XCSwiftPackageProductDependency;
			package = E81EAF6B2B45B1890041315F /* XCRemoteSwiftPackageReference "IQKeyboardManager" */;
			productName = IQKeyboardManagerSwift;
		};
		E8C9181D2B45B35F0096B889 /* ProgressHUD */ = {
			isa = XCSwiftPackageProductDependency;
			package = E8C9181C2B45B35F0096B889 /* XCRemoteSwiftPackageReference "ProgressHUD" */;
			productName = ProgressHUD;
		};
		E8C918202B45B3BD0096B889 /* Kingfisher */ = {
			isa = XCSwiftPackageProductDependency;
			package = E8C9181F2B45B3BD0096B889 /* XCRemoteSwiftPackageReference "Kingfisher" */;
			productName = Kingfisher;
		};
/* End XCSwiftPackageProductDependency section */
	};
	rootObject = E8C9F30E2A48E4F700A8F2B4 /* Project object */;
}
